// !$*UTF8*$!
{
	archiveVersion = 1;
	classes = {
	};
	objectVersion = 77;
	objects = {

/* Begin PBXBuildFile section */
		62A7C435946D9344A908617C /* Pods_Playwire_PlaywireObjC.framework in Frameworks */ = {isa = PBXBuildFile; fileRef = 628F9215A3AD2E0922008CBB /* Pods_Playwire_PlaywireObjC.framework */; };
		7BF177108295E00CB71B2FF1 /* Pods_Playwire_PlaywireSwiftUI.framework in Frameworks */ = {isa = PBXBuildFile; fileRef = 335594596F931BD371AFA41E /* Pods_Playwire_PlaywireSwiftUI.framework */; };
		C206AD03ED2BB7FB987BBFDF /* Pods_Playwire_PlaywireSwift.framework in Frameworks */ = {isa = PBXBuildFile; fileRef = 82DA93A7C5417CABF24F28C3 /* Pods_Playwire_PlaywireSwift.framework */; };
/* End PBXBuildFile section */

/* Begin PBXFileReference section */
		13F39FF1375043353B37BAA4 /* Pods-Playwire-PlaywireObjC.debug.xcconfig */ = {isa = PBXFileReference; includeInIndex = 1; lastKnownFileType = text.xcconfig; name = "Pods-Playwire-PlaywireObjC.debug.xcconfig"; path = "Target Support Files/Pods-Playwire-PlaywireObjC/Pods-Playwire-PlaywireObjC.debug.xcconfig"; sourceTree = "<group>"; };
		1856080D69D59706F8F9759C /* Pods-Playwire-PlaywireSwiftUI.debug.xcconfig */ = {isa = PBXFileReference; includeInIndex = 1; lastKnownFileType = text.xcconfig; name = "Pods-Playwire-PlaywireSwiftUI.debug.xcconfig"; path = "Target Support Files/Pods-Playwire-PlaywireSwiftUI/Pods-Playwire-PlaywireSwiftUI.debug.xcconfig"; sourceTree = "<group>"; };
		335594596F931BD371AFA41E /* Pods_Playwire_PlaywireSwiftUI.framework */ = {isa = PBXFileReference; explicitFileType = wrapper.framework; includeInIndex = 0; path = Pods_Playwire_PlaywireSwiftUI.framework; sourceTree = BUILT_PRODUCTS_DIR; };
		5E801AAEFFD5D598D0A4D584 /* Pods-Playwire-PlaywireSwift.release.xcconfig */ = {isa = PBXFileReference; includeInIndex = 1; lastKnownFileType = text.xcconfig; name = "Pods-Playwire-PlaywireSwift.release.xcconfig"; path = "Target Support Files/Pods-Playwire-PlaywireSwift/Pods-Playwire-PlaywireSwift.release.xcconfig"; sourceTree = "<group>"; };
		610E542D2E955BE900FD6653 /* PlaywireObjC.app */ = {isa = PBXFileReference; explicitFileType = wrapper.application; includeInIndex = 0; path = PlaywireObjC.app; sourceTree = BUILT_PRODUCTS_DIR; };
		610E544B2E955C0200FD6653 /* PlaywireSwift.app */ = {isa = PBXFileReference; explicitFileType = wrapper.application; includeInIndex = 0; path = PlaywireSwift.app; sourceTree = BUILT_PRODUCTS_DIR; };
		610E54872E955C1F00FD6653 /* PlaywireSwiftUI.app */ = {isa = PBXFileReference; explicitFileType = wrapper.application; includeInIndex = 0; path = PlaywireSwiftUI.app; sourceTree = BUILT_PRODUCTS_DIR; };
		628F9215A3AD2E0922008CBB /* Pods_Playwire_PlaywireObjC.framework */ = {isa = PBXFileReference; explicitFileType = wrapper.framework; includeInIndex = 0; path = Pods_Playwire_PlaywireObjC.framework; sourceTree = BUILT_PRODUCTS_DIR; };
		82DA93A7C5417CABF24F28C3 /* Pods_Playwire_PlaywireSwift.framework */ = {isa = PBXFileReference; explicitFileType = wrapper.framework; includeInIndex = 0; path = Pods_Playwire_PlaywireSwift.framework; sourceTree = BUILT_PRODUCTS_DIR; };
		AF582025D77BF419DE04589D /* Pods-Playwire-PlaywireObjC.release.xcconfig */ = {isa = PBXFileReference; includeInIndex = 1; lastKnownFileType = text.xcconfig; name = "Pods-Playwire-PlaywireObjC.release.xcconfig"; path = "Target Support Files/Pods-Playwire-PlaywireObjC/Pods-Playwire-PlaywireObjC.release.xcconfig"; sourceTree = "<group>"; };
		B7F90A53233B2249755F947C /* Pods-Playwire-PlaywireSwift.debug.xcconfig */ = {isa = PBXFileReference; includeInIndex = 1; lastKnownFileType = text.xcconfig; name = "Pods-Playwire-PlaywireSwift.debug.xcconfig"; path = "Target Support Files/Pods-Playwire-PlaywireSwift/Pods-Playwire-PlaywireSwift.debug.xcconfig"; sourceTree = "<group>"; };
		BE4A9A3D2C6BADC700AC219F /* StoreKit.framework */ = {isa = PBXFileReference; lastKnownFileType = wrapper.framework; name = StoreKit.framework; path = System/Library/Frameworks/StoreKit.framework; sourceTree = SDKROOT; };
		D2D993A409B8B0E5A9BB30DC /* Pods-Playwire-PlaywireSwiftUI.release.xcconfig */ = {isa = PBXFileReference; includeInIndex = 1; lastKnownFileType = text.xcconfig; name = "Pods-Playwire-PlaywireSwiftUI.release.xcconfig"; path = "Target Support Files/Pods-Playwire-PlaywireSwiftUI/Pods-Playwire-PlaywireSwiftUI.release.xcconfig"; sourceTree = "<group>"; };
/* End PBXFileReference section */

/* Begin PBXFileSystemSynchronizedBuildFileExceptionSet section */
		610E54432E955BEA00FD6653 /* Exceptions for "PlaywireObjC" folder in "PlaywireObjC" target */ = {
			isa = PBXFileSystemSynchronizedBuildFileExceptionSet;
			membershipExceptions = (
				Info.plist,
			);
			target = 610E542C2E955BE900FD6653 /* PlaywireObjC */;
		};
		610E54812E955C0D00FD6653 /* Exceptions for "PlaywireSwift" folder in "PlaywireObjC" target */ = {
			isa = PBXFileSystemSynchronizedBuildFileExceptionSet;
			membershipExceptions = (
				Ads/Fullscreen/AppOpen/AppOpenViewController.swift,
				Ads/Fullscreen/Interstitial/InterstitialViewController.swift,
				Ads/Fullscreen/Rewarded/RewardedInterstitialViewController.swift,
				Ads/Fullscreen/Rewarded/RewardedViewController.swift,
				Ads/view/banner/BannerViewController.swift,
				Ads/view/native/NativeView.swift,
				Ads/view/native/NativeViewController.swift,
				AdTypes/AdTypesViewController.swift,
				AppDelegate.swift,
				Assets.xcassets,
				Info.plist,
				SceneDelegate.swift,
			);
			target = 610E542C2E955BE900FD6653 /* PlaywireObjC */;
		};
		610E54822E955C0D00FD6653 /* Exceptions for "PlaywireSwift" folder in "PlaywireSwift" target */ = {
			isa = PBXFileSystemSynchronizedBuildFileExceptionSet;
			membershipExceptions = (
				Ads/Fullscreen/AppOpen/AppOpenViewController.swift,
				Ads/Fullscreen/Interstitial/InterstitialViewController.swift,
				Ads/Fullscreen/Rewarded/RewardedInterstitialViewController.swift,
				Ads/Fullscreen/Rewarded/RewardedViewController.swift,
				Ads/view/banner/BannerViewController.swift,
				Ads/view/native/NativeView.swift,
				Ads/view/native/NativeViewController.swift,
				AdTypes/AdTypesViewController.swift,
				AppDelegate.swift,
				Assets.xcassets,
				SceneDelegate.swift,
			);
			target = 610E544A2E955C0200FD6653 /* PlaywireSwift */;
		};
		610E561D2E958EC400FD6653 /* Exceptions for "PlaywireSwiftUI" folder in "PlaywireSwiftUI" target */ = {
			isa = PBXFileSystemSynchronizedBuildFileExceptionSet;
			membershipExceptions = (
				Ads/Banner/Adaptive/AdaptiveBannerCoordinator.swift,
				Ads/Banner/Adaptive/AnchoredBannerView.swift,
				Ads/Banner/Adaptive/InlineBannerView.swift,
				Info.plist,
			);
			target = 610E54862E955C1F00FD6653 /* PlaywireSwiftUI */;
		};
		E454A3F62F882BF800CCE2A5 /* Exceptions for "PlaywireSwift" folder in "PlaywireSwiftUI" target */ = {
			isa = PBXFileSystemSynchronizedBuildFileExceptionSet;
			membershipExceptions = (
				Ads/view/native/NativeView.swift,
			);
			target = 610E54862E955C1F00FD6653 /* PlaywireSwiftUI */;
		};
/* End PBXFileSystemSynchronizedBuildFileExceptionSet section */

/* Begin PBXFileSystemSynchronizedRootGroup section */
		610E542E2E955BE900FD6653 /* PlaywireObjC */ = {
			isa = PBXFileSystemSynchronizedRootGroup;
			exceptions = (
				610E54432E955BEA00FD6653 /* Exceptions for "PlaywireObjC" folder in "PlaywireObjC" target */,
			);
			path = PlaywireObjC;
			sourceTree = "<group>";
		};
		610E547A2E955C0D00FD6653 /* PlaywireSwift */ = {
			isa = PBXFileSystemSynchronizedRootGroup;
			exceptions = (
				610E54812E955C0D00FD6653 /* Exceptions for "PlaywireSwift" folder in "PlaywireObjC" target */,
				610E54822E955C0D00FD6653 /* Exceptions for "PlaywireSwift" folder in "PlaywireSwift" target */,
				E454A3F62F882BF800CCE2A5 /* Exceptions for "PlaywireSwift" folder in "PlaywireSwiftUI" target */,
			);
			path = PlaywireSwift;
			sourceTree = "<group>";
		};
		610E54882E955C1F00FD6653 /* PlaywireSwiftUI */ = {
			isa = PBXFileSystemSynchronizedRootGroup;
			exceptions = (
				610E561D2E958EC400FD6653 /* Exceptions for "PlaywireSwiftUI" folder in "PlaywireSwiftUI" target */,
			);
			path = PlaywireSwiftUI;
			sourceTree = "<group>";
		};
/* End PBXFileSystemSynchronizedRootGroup section */

/* Begin PBXFrameworksBuildPhase section */
		610E542A2E955BE900FD6653 /* Frameworks */ = {
			isa = PBXFrameworksBuildPhase;
			buildActionMask = 2147483647;
			files = (
				62A7C435946D9344A908617C /* Pods_Playwire_PlaywireObjC.framework in Frameworks */,
			);
			runOnlyForDeploymentPostprocessing = 0;
		};
		610E54482E955C0200FD6653 /* Frameworks */ = {
			isa = PBXFrameworksBuildPhase;
			buildActionMask = 2147483647;
			files = (
				C206AD03ED2BB7FB987BBFDF /* Pods_Playwire_PlaywireSwift.framework in Frameworks */,
			);
			runOnlyForDeploymentPostprocessing = 0;
		};
		610E54842E955C1F00FD6653 /* Frameworks */ = {
			isa = PBXFrameworksBuildPhase;
			buildActionMask = 2147483647;
			files = (
				7BF177108295E00CB71B2FF1 /* Pods_Playwire_PlaywireSwiftUI.framework in Frameworks */,
			);
			runOnlyForDeploymentPostprocessing = 0;
		};
/* End PBXFrameworksBuildPhase section */

/* Begin PBXGroup section */
		212DA4302951EFF300B2FB4A = {
			isa = PBXGroup;
			children = (
				610E542E2E955BE900FD6653 /* PlaywireObjC */,
				610E547A2E955C0D00FD6653 /* PlaywireSwift */,
				610E54882E955C1F00FD6653 /* PlaywireSwiftUI */,
				212DA43A2951EFF400B2FB4A /* Products */,
				9F29743D4CB5EDF01F439121 /* Pods */,
				4432D180024143DCE8AC98B9 /* Frameworks */,
			);
			sourceTree = "<group>";
		};
		212DA43A2951EFF400B2FB4A /* Products */ = {
			isa = PBXGroup;
			children = (
				610E542D2E955BE900FD6653 /* PlaywireObjC.app */,
				610E544B2E955C0200FD6653 /* PlaywireSwift.app */,
				610E54872E955C1F00FD6653 /* PlaywireSwiftUI.app */,
			);
			name = Products;
			sourceTree = "<group>";
		};
		4432D180024143DCE8AC98B9 /* Frameworks */ = {
			isa = PBXGroup;
			children = (
				BE4A9A3D2C6BADC700AC219F /* StoreKit.framework */,
				628F9215A3AD2E0922008CBB /* Pods_Playwire_PlaywireObjC.framework */,
				82DA93A7C5417CABF24F28C3 /* Pods_Playwire_PlaywireSwift.framework */,
				335594596F931BD371AFA41E /* Pods_Playwire_PlaywireSwiftUI.framework */,
			);
			name = Frameworks;
			sourceTree = "<group>";
		};
		9F29743D4CB5EDF01F439121 /* Pods */ = {
			isa = PBXGroup;
			children = (
				13F39FF1375043353B37BAA4 /* Pods-Playwire-PlaywireObjC.debug.xcconfig */,
				AF582025D77BF419DE04589D /* Pods-Playwire-PlaywireObjC.release.xcconfig */,
				B7F90A53233B2249755F947C /* Pods-Playwire-PlaywireSwift.debug.xcconfig */,
				5E801AAEFFD5D598D0A4D584 /* Pods-Playwire-PlaywireSwift.release.xcconfig */,
				1856080D69D59706F8F9759C /* Pods-Playwire-PlaywireSwiftUI.debug.xcconfig */,
				D2D993A409B8B0E5A9BB30DC /* Pods-Playwire-PlaywireSwiftUI.release.xcconfig */,
			);
			path = Pods;
			sourceTree = "<group>";
		};
/* End PBXGroup section */

/* Begin PBXNativeTarget section */
		610E542C2E955BE900FD6653 /* PlaywireObjC */ = {
			isa = PBXNativeTarget;
			buildConfigurationList = 610E54442E955BEA00FD6653 /* Build configuration list for PBXNativeTarget "PlaywireObjC" */;
			buildPhases = (
				EADA84ACC808A1BD4C7DE68D /* [CP] Check Pods Manifest.lock */,
				610E54292E955BE900FD6653 /* Sources */,
				610E542A2E955BE900FD6653 /* Frameworks */,
				610E542B2E955BE900FD6653 /* Resources */,
				4CAA989144DE55BA96E64A1D /* [CP] Embed Pods Frameworks */,
				E8081C609888FF73820F6A42 /* [CP] Copy Pods Resources */,
			);
			buildRules = (
			);
			dependencies = (
			);
			fileSystemSynchronizedGroups = (
				610E542E2E955BE900FD6653 /* PlaywireObjC */,
				610E547A2E955C0D00FD6653 /* PlaywireSwift */,
			);
			name = PlaywireObjC;
			productName = PlaywireObjC;
			productReference = 610E542D2E955BE900FD6653 /* PlaywireObjC.app */;
			productType = "com.apple.product-type.application";
		};
		610E544A2E955C0200FD6653 /* PlaywireSwift */ = {
			isa = PBXNativeTarget;
			buildConfigurationList = 610E545D2E955C0300FD6653 /* Build configuration list for PBXNativeTarget "PlaywireSwift" */;
			buildPhases = (
				AE40E94BD523FCA78EE83ED1 /* [CP] Check Pods Manifest.lock */,
				610E54472E955C0200FD6653 /* Sources */,
				610E54482E955C0200FD6653 /* Frameworks */,
				610E54492E955C0200FD6653 /* Resources */,
				6F4A0E7820FC66F6E3BA45DA /* [CP] Embed Pods Frameworks */,
				90AD8FBA8B09247A2BC4B299 /* [CP] Copy Pods Resources */,
			);
			buildRules = (
			);
			dependencies = (
			);
			name = PlaywireSwift;
			productName = PlaywireSwift;
			productReference = 610E544B2E955C0200FD6653 /* PlaywireSwift.app */;
			productType = "com.apple.product-type.application";
		};
		610E54862E955C1F00FD6653 /* PlaywireSwiftUI */ = {
			isa = PBXNativeTarget;
			buildConfigurationList = 610E548F2E955C2000FD6653 /* Build configuration list for PBXNativeTarget "PlaywireSwiftUI" */;
			buildPhases = (
				84B73E3B4A61DCA56D0C7D5E /* [CP] Check Pods Manifest.lock */,
				610E54832E955C1F00FD6653 /* Sources */,
				610E54842E955C1F00FD6653 /* Frameworks */,
				610E54852E955C1F00FD6653 /* Resources */,
				359D0DFEF3CD986CF2A90D0A /* [CP] Embed Pods Frameworks */,
				EE788BB92312A16E50002AF2 /* [CP] Copy Pods Resources */,
			);
			buildRules = (
			);
			dependencies = (
			);
			fileSystemSynchronizedGroups = (
				610E54882E955C1F00FD6653 /* PlaywireSwiftUI */,
			);
			name = PlaywireSwiftUI;
			productName = PlaywireSwiftUI;
			productReference = 610E54872E955C1F00FD6653 /* PlaywireSwiftUI.app */;
			productType = "com.apple.product-type.application";
		};
/* End PBXNativeTarget section */

/* Begin PBXProject section */
		212DA4312951EFF400B2FB4A /* Project object */ = {
			isa = PBXProject;
			attributes = {
				BuildIndependentTargetsInParallel = 1;
				LastSwiftUpdateCheck = 2600;
				LastUpgradeCheck = 2600;
				TargetAttributes = {
					610E542C2E955BE900FD6653 = {
						CreatedOnToolsVersion = 26.0.1;
						LastSwiftMigration = 2620;
					};
					610E544A2E955C0200FD6653 = {
						CreatedOnToolsVersion = 26.0.1;
					};
					610E54862E955C1F00FD6653 = {
						CreatedOnToolsVersion = 26.0.1;
					};
				};
			};
			buildConfigurationList = 212DA4342951EFF400B2FB4A /* Build configuration list for PBXProject "PlaywireSDKApps" */;
			developmentRegion = en;
			hasScannedForEncodings = 0;
			knownRegions = (
				en,
				Base,
			);
			mainGroup = 212DA4302951EFF300B2FB4A;
			preferredProjectObjectVersion = 77;
			productRefGroup = 212DA43A2951EFF400B2FB4A /* Products */;
			projectDirPath = "";
			projectRoot = "";
			targets = (
				610E542C2E955BE900FD6653 /* PlaywireObjC */,
				610E544A2E955C0200FD6653 /* PlaywireSwift */,
				610E54862E955C1F00FD6653 /* PlaywireSwiftUI */,
			);
		};
/* End PBXProject section */

/* Begin PBXResourcesBuildPhase section */
		610E542B2E955BE900FD6653 /* Resources */ = {
			isa = PBXResourcesBuildPhase;
			buildActionMask = 2147483647;
			files = (
			);
			runOnlyForDeploymentPostprocessing = 0;
		};
		610E54492E955C0200FD6653 /* Resources */ = {
			isa = PBXResourcesBuildPhase;
			buildActionMask = 2147483647;
			files = (
			);
			runOnlyForDeploymentPostprocessing = 0;
		};
		610E54852E955C1F00FD6653 /* Resources */ = {
			isa = PBXResourcesBuildPhase;
			buildActionMask = 2147483647;
			files = (
			);
			runOnlyForDeploymentPostprocessing = 0;
		};
/* End PBXResourcesBuildPhase section */

/* Begin PBXShellScriptBuildPhase section */
		359D0DFEF3CD986CF2A90D0A /* [CP] Embed Pods Frameworks */ = {
			isa = PBXShellScriptBuildPhase;
			buildActionMask = 2147483647;
			files = (
			);
			inputFileListPaths = (
				"${PODS_ROOT}/Target Support Files/Pods-Playwire-PlaywireSwiftUI/Pods-Playwire-PlaywireSwiftUI-frameworks-${CONFIGURATION}-input-files.xcfilelist",
			);
			inputPaths = (
			);
			name = "[CP] Embed Pods Frameworks";
			outputFileListPaths = (
				"${PODS_ROOT}/Target Support Files/Pods-Playwire-PlaywireSwiftUI/Pods-Playwire-PlaywireSwiftUI-frameworks-${CONFIGURATION}-output-files.xcfilelist",
			);
			outputPaths = (
			);
			runOnlyForDeploymentPostprocessing = 0;
			shellPath = /bin/sh;
			shellScript = "\"${PODS_ROOT}/Target Support Files/Pods-Playwire-PlaywireSwiftUI/Pods-Playwire-PlaywireSwiftUI-frameworks.sh\"\n";
			showEnvVarsInLog = 0;
		};
		4CAA989144DE55BA96E64A1D /* [CP] Embed Pods Frameworks */ = {
			isa = PBXShellScriptBuildPhase;
			buildActionMask = 2147483647;
			files = (
			);
			inputFileListPaths = (
				"${PODS_ROOT}/Target Support Files/Pods-Playwire-PlaywireObjC/Pods-Playwire-PlaywireObjC-frameworks-${CONFIGURATION}-input-files.xcfilelist",
			);
			inputPaths = (
			);
			name = "[CP] Embed Pods Frameworks";
			outputFileListPaths = (
				"${PODS_ROOT}/Target Support Files/Pods-Playwire-PlaywireObjC/Pods-Playwire-PlaywireObjC-frameworks-${CONFIGURATION}-output-files.xcfilelist",
			);
			outputPaths = (
			);
			runOnlyForDeploymentPostprocessing = 0;
			shellPath = /bin/sh;
			shellScript = "\"${PODS_ROOT}/Target Support Files/Pods-Playwire-PlaywireObjC/Pods-Playwire-PlaywireObjC-frameworks.sh\"\n";
			showEnvVarsInLog = 0;
		};
		6F4A0E7820FC66F6E3BA45DA /* [CP] Embed Pods Frameworks */ = {
			isa = PBXShellScriptBuildPhase;
			buildActionMask = 2147483647;
			files = (
			);
			inputFileListPaths = (
				"${PODS_ROOT}/Target Support Files/Pods-Playwire-PlaywireSwift/Pods-Playwire-PlaywireSwift-frameworks-${CONFIGURATION}-input-files.xcfilelist",
			);
			inputPaths = (
			);
			name = "[CP] Embed Pods Frameworks";
			outputFileListPaths = (
				"${PODS_ROOT}/Target Support Files/Pods-Playwire-PlaywireSwift/Pods-Playwire-PlaywireSwift-frameworks-${CONFIGURATION}-output-files.xcfilelist",
			);
			outputPaths = (
			);
			runOnlyForDeploymentPostprocessing = 0;
			shellPath = /bin/sh;
			shellScript = "\"${PODS_ROOT}/Target Support Files/Pods-Playwire-PlaywireSwift/Pods-Playwire-PlaywireSwift-frameworks.sh\"\n";
			showEnvVarsInLog = 0;
		};
		84B73E3B4A61DCA56D0C7D5E /* [CP] Check Pods Manifest.lock */ = {
			isa = PBXShellScriptBuildPhase;
			buildActionMask = 2147483647;
			files = (
			);
			inputFileListPaths = (
			);
			inputPaths = (
				"${PODS_PODFILE_DIR_PATH}/Podfile.lock",
				"${PODS_ROOT}/Manifest.lock",
			);
			name = "[CP] Check Pods Manifest.lock";
			outputFileListPaths = (
			);
			outputPaths = (
				"$(DERIVED_FILE_DIR)/Pods-Playwire-PlaywireSwiftUI-checkManifestLockResult.txt",
			);
			runOnlyForDeploymentPostprocessing = 0;
			shellPath = /bin/sh;
			shellScript = "diff \"${PODS_PODFILE_DIR_PATH}/Podfile.lock\" \"${PODS_ROOT}/Manifest.lock\" > /dev/null\nif [ $? != 0 ] ; then\n    # print error to STDERR\n    echo \"error: The sandbox is not in sync with the Podfile.lock. Run 'pod install' or update your CocoaPods installation.\" >&2\n    exit 1\nfi\n# This output is used by Xcode 'outputs' to avoid re-running this script phase.\necho \"SUCCESS\" > \"${SCRIPT_OUTPUT_FILE_0}\"\n";
			showEnvVarsInLog = 0;
		};
		90AD8FBA8B09247A2BC4B299 /* [CP] Copy Pods Resources */ = {
			isa = PBXShellScriptBuildPhase;
			buildActionMask = 2147483647;
			files = (
			);
			inputFileListPaths = (
				"${PODS_ROOT}/Target Support Files/Pods-Playwire-PlaywireSwift/Pods-Playwire-PlaywireSwift-resources-${CONFIGURATION}-input-files.xcfilelist",
			);
			inputPaths = (
			);
			name = "[CP] Copy Pods Resources";
			outputFileListPaths = (
				"${PODS_ROOT}/Target Support Files/Pods-Playwire-PlaywireSwift/Pods-Playwire-PlaywireSwift-resources-${CONFIGURATION}-output-files.xcfilelist",
			);
			outputPaths = (
			);
			runOnlyForDeploymentPostprocessing = 0;
			shellPath = /bin/sh;
			shellScript = "\"${PODS_ROOT}/Target Support Files/Pods-Playwire-PlaywireSwift/Pods-Playwire-PlaywireSwift-resources.sh\"\n";
			showEnvVarsInLog = 0;
		};
		AE40E94BD523FCA78EE83ED1 /* [CP] Check Pods Manifest.lock */ = {
			isa = PBXShellScriptBuildPhase;
			buildActionMask = 2147483647;
			files = (
			);
			inputFileListPaths = (
			);
			inputPaths = (
				"${PODS_PODFILE_DIR_PATH}/Podfile.lock",
				"${PODS_ROOT}/Manifest.lock",
			);
			name = "[CP] Check Pods Manifest.lock";
			outputFileListPaths = (
			);
			outputPaths = (
				"$(DERIVED_FILE_DIR)/Pods-Playwire-PlaywireSwift-checkManifestLockResult.txt",
			);
			runOnlyForDeploymentPostprocessing = 0;
			shellPath = /bin/sh;
			shellScript = "diff \"${PODS_PODFILE_DIR_PATH}/Podfile.lock\" \"${PODS_ROOT}/Manifest.lock\" > /dev/null\nif [ $? != 0 ] ; then\n    # print error to STDERR\n    echo \"error: The sandbox is not in sync with the Podfile.lock. Run 'pod install' or update your CocoaPods installation.\" >&2\n    exit 1\nfi\n# This output is used by Xcode 'outputs' to avoid re-running this script phase.\necho \"SUCCESS\" > \"${SCRIPT_OUTPUT_FILE_0}\"\n";
			showEnvVarsInLog = 0;
		};
		E8081C609888FF73820F6A42 /* [CP] Copy Pods Resources */ = {
			isa = PBXShellScriptBuildPhase;
			buildActionMask = 2147483647;
			files = (
			);
			inputFileListPaths = (
				"${PODS_ROOT}/Target Support Files/Pods-Playwire-PlaywireObjC/Pods-Playwire-PlaywireObjC-resources-${CONFIGURATION}-input-files.xcfilelist",
			);
			inputPaths = (
			);
			name = "[CP] Copy Pods Resources";
			outputFileListPaths = (
				"${PODS_ROOT}/Target Support Files/Pods-Playwire-PlaywireObjC/Pods-Playwire-PlaywireObjC-resources-${CONFIGURATION}-output-files.xcfilelist",
			);
			outputPaths = (
			);
			runOnlyForDeploymentPostprocessing = 0;
			shellPath = /bin/sh;
			shellScript = "\"${PODS_ROOT}/Target Support Files/Pods-Playwire-PlaywireObjC/Pods-Playwire-PlaywireObjC-resources.sh\"\n";
			showEnvVarsInLog = 0;
		};
		EADA84ACC808A1BD4C7DE68D /* [CP] Check Pods Manifest.lock */ = {
			isa = PBXShellScriptBuildPhase;
			buildActionMask = 2147483647;
			files = (
			);
			inputFileListPaths = (
			);
			inputPaths = (
				"${PODS_PODFILE_DIR_PATH}/Podfile.lock",
				"${PODS_ROOT}/Manifest.lock",
			);
			name = "[CP] Check Pods Manifest.lock";
			outputFileListPaths = (
			);
			outputPaths = (
				"$(DERIVED_FILE_DIR)/Pods-Playwire-PlaywireObjC-checkManifestLockResult.txt",
			);
			runOnlyForDeploymentPostprocessing = 0;
			shellPath = /bin/sh;
			shellScript = "diff \"${PODS_PODFILE_DIR_PATH}/Podfile.lock\" \"${PODS_ROOT}/Manifest.lock\" > /dev/null\nif [ $? != 0 ] ; then\n    # print error to STDERR\n    echo \"error: The sandbox is not in sync with the Podfile.lock. Run 'pod install' or update your CocoaPods installation.\" >&2\n    exit 1\nfi\n# This output is used by Xcode 'outputs' to avoid re-running this script phase.\necho \"SUCCESS\" > \"${SCRIPT_OUTPUT_FILE_0}\"\n";
			showEnvVarsInLog = 0;
		};
		EE788BB92312A16E50002AF2 /* [CP] Copy Pods Resources */ = {
			isa = PBXShellScriptBuildPhase;
			buildActionMask = 2147483647;
			files = (
			);
			inputFileListPaths = (
				"${PODS_ROOT}/Target Support Files/Pods-Playwire-PlaywireSwiftUI/Pods-Playwire-PlaywireSwiftUI-resources-${CONFIGURATION}-input-files.xcfilelist",
			);
			inputPaths = (
			);
			name = "[CP] Copy Pods Resources";
			outputFileListPaths = (
				"${PODS_ROOT}/Target Support Files/Pods-Playwire-PlaywireSwiftUI/Pods-Playwire-PlaywireSwiftUI-resources-${CONFIGURATION}-output-files.xcfilelist",
			);
			outputPaths = (
			);
			runOnlyForDeploymentPostprocessing = 0;
			shellPath = /bin/sh;
			shellScript = "\"${PODS_ROOT}/Target Support Files/Pods-Playwire-PlaywireSwiftUI/Pods-Playwire-PlaywireSwiftUI-resources.sh\"\n";
			showEnvVarsInLog = 0;
		};
/* End PBXShellScriptBuildPhase section */

/* Begin PBXSourcesBuildPhase section */
		610E54292E955BE900FD6653 /* Sources */ = {
			isa = PBXSourcesBuildPhase;
			buildActionMask = 2147483647;
			files = (
			);
			runOnlyForDeploymentPostprocessing = 0;
		};
		610E54472E955C0200FD6653 /* Sources */ = {
			isa = PBXSourcesBuildPhase;
			buildActionMask = 2147483647;
			files = (
			);
			runOnlyForDeploymentPostprocessing = 0;
		};
		610E54832E955C1F00FD6653 /* Sources */ = {
			isa = PBXSourcesBuildPhase;
			buildActionMask = 2147483647;
			files = (
			);
			runOnlyForDeploymentPostprocessing = 0;
		};
/* End PBXSourcesBuildPhase section */

/* Begin XCBuildConfiguration section */
		212DA44B2951EFFC00B2FB4A /* Debug */ = {
			isa = XCBuildConfiguration;
			buildSettings = {
				ALWAYS_SEARCH_USER_PATHS = NO;
				ASSETCATALOG_COMPILER_GENERATE_SWIFT_ASSET_SYMBOL_EXTENSIONS = YES;
				CLANG_ANALYZER_NONNULL = YES;
				CLANG_ANALYZER_NUMBER_OBJECT_CONVERSION = YES_AGGRESSIVE;
				CLANG_CXX_LANGUAGE_STANDARD = "gnu++20";
				CLANG_ENABLE_MODULES = YES;
				CLANG_ENABLE_OBJC_ARC = YES;
				CLANG_ENABLE_OBJC_WEAK = YES;
				CLANG_WARN_BLOCK_CAPTURE_AUTORELEASING = YES;
				CLANG_WARN_BOOL_CONVERSION = YES;
				CLANG_WARN_COMMA = YES;
				CLANG_WARN_CONSTANT_CONVERSION = YES;
				CLANG_WARN_DEPRECATED_OBJC_IMPLEMENTATIONS = YES;
				CLANG_WARN_DIRECT_OBJC_ISA_USAGE = YES_ERROR;
				CLANG_WARN_DOCUMENTATION_COMMENTS = YES;
				CLANG_WARN_EMPTY_BODY = YES;
				CLANG_WARN_ENUM_CONVERSION = YES;
				CLANG_WARN_INFINITE_RECURSION = YES;
				CLANG_WARN_INT_CONVERSION = YES;
				CLANG_WARN_NON_LITERAL_NULL_CONVERSION = YES;
				CLANG_WARN_OBJC_IMPLICIT_RETAIN_SELF = YES;
				CLANG_WARN_OBJC_LITERAL_CONVERSION = YES;
				CLANG_WARN_OBJC_ROOT_CLASS = YES_ERROR;
				CLANG_WARN_QUOTED_INCLUDE_IN_FRAMEWORK_HEADER = YES;
				CLANG_WARN_RANGE_LOOP_ANALYSIS = YES;
				CLANG_WARN_STRICT_PROTOTYPES = YES;
				CLANG_WARN_SUSPICIOUS_MOVE = YES;
				CLANG_WARN_UNGUARDED_AVAILABILITY = YES_AGGRESSIVE;
				CLANG_WARN_UNREACHABLE_CODE = YES;
				CLANG_WARN__DUPLICATE_METHOD_MATCH = YES;
				COPY_PHASE_STRIP = NO;
				DEBUG_INFORMATION_FORMAT = dwarf;
				ENABLE_STRICT_OBJC_MSGSEND = YES;
				ENABLE_TESTABILITY = YES;
				ENABLE_USER_SCRIPT_SANDBOXING = NO;
				GCC_C_LANGUAGE_STANDARD = gnu11;
				GCC_DYNAMIC_NO_PIC = NO;
				GCC_NO_COMMON_BLOCKS = YES;
				GCC_OPTIMIZATION_LEVEL = 0;
				GCC_PREPROCESSOR_DEFINITIONS = (
					"DEBUG=1",
					"$(inherited)",
				);
				GCC_WARN_64_TO_32_BIT_CONVERSION = YES;
				GCC_WARN_ABOUT_RETURN_TYPE = YES_ERROR;
				GCC_WARN_UNDECLARED_SELECTOR = YES;
				GCC_WARN_UNINITIALIZED_AUTOS = YES_AGGRESSIVE;
				GCC_WARN_UNUSED_FUNCTION = YES;
				GCC_WARN_UNUSED_VARIABLE = YES;
				IPHONEOS_DEPLOYMENT_TARGET = 13.0;
				MTL_ENABLE_DEBUG_INFO = INCLUDE_SOURCE;
				MTL_FAST_MATH = YES;
				ONLY_ACTIVE_ARCH = YES;
				SDKROOT = iphoneos;
				STRING_CATALOG_GENERATE_SYMBOLS = YES;
				SWIFT_ACTIVE_COMPILATION_CONDITIONS = DEBUG;
				SWIFT_OPTIMIZATION_LEVEL = "-Onone";
			};
			name = Debug;
		};
		212DA44C2951EFFC00B2FB4A /* Release */ = {
			isa = XCBuildConfiguration;
			buildSettings = {
				ALWAYS_SEARCH_USER_PATHS = NO;
				ASSETCATALOG_COMPILER_GENERATE_SWIFT_ASSET_SYMBOL_EXTENSIONS = YES;
				CLANG_ANALYZER_NONNULL = YES;
				CLANG_ANALYZER_NUMBER_OBJECT_CONVERSION = YES_AGGRESSIVE;
				CLANG_CXX_LANGUAGE_STANDARD = "gnu++20";
				CLANG_ENABLE_MODULES = YES;
				CLANG_ENABLE_OBJC_ARC = YES;
				CLANG_ENABLE_OBJC_WEAK = YES;
				CLANG_WARN_BLOCK_CAPTURE_AUTORELEASING = YES;
				CLANG_WARN_BOOL_CONVERSION = YES;
				CLANG_WARN_COMMA = YES;
				CLANG_WARN_CONSTANT_CONVERSION = YES;
				CLANG_WARN_DEPRECATED_OBJC_IMPLEMENTATIONS = YES;
				CLANG_WARN_DIRECT_OBJC_ISA_USAGE = YES_ERROR;
				CLANG_WARN_DOCUMENTATION_COMMENTS = YES;
				CLANG_WARN_EMPTY_BODY = YES;
				CLANG_WARN_ENUM_CONVERSION = YES;
				CLANG_WARN_INFINITE_RECURSION = YES;
				CLANG_WARN_INT_CONVERSION = YES;
				CLANG_WARN_NON_LITERAL_NULL_CONVERSION = YES;
				CLANG_WARN_OBJC_IMPLICIT_RETAIN_SELF = YES;
				CLANG_WARN_OBJC_LITERAL_CONVERSION = YES;
				CLANG_WARN_OBJC_ROOT_CLASS = YES_ERROR;
				CLANG_WARN_QUOTED_INCLUDE_IN_FRAMEWORK_HEADER = YES;
				CLANG_WARN_RANGE_LOOP_ANALYSIS = YES;
				CLANG_WARN_STRICT_PROTOTYPES = YES;
				CLANG_WARN_SUSPICIOUS_MOVE = YES;
				CLANG_WARN_UNGUARDED_AVAILABILITY = YES_AGGRESSIVE;
				CLANG_WARN_UNREACHABLE_CODE = YES;
				CLANG_WARN__DUPLICATE_METHOD_MATCH = YES;
				COPY_PHASE_STRIP = NO;
				DEBUG_INFORMATION_FORMAT = "dwarf-with-dsym";
				ENABLE_NS_ASSERTIONS = NO;
				ENABLE_STRICT_OBJC_MSGSEND = YES;
				ENABLE_USER_SCRIPT_SANDBOXING = NO;
				GCC_C_LANGUAGE_STANDARD = gnu11;
				GCC_NO_COMMON_BLOCKS = YES;
				GCC_WARN_64_TO_32_BIT_CONVERSION = YES;
				GCC_WARN_ABOUT_RETURN_TYPE = YES_ERROR;
				GCC_WARN_UNDECLARED_SELECTOR = YES;
				GCC_WARN_UNINITIALIZED_AUTOS = YES_AGGRESSIVE;
				GCC_WARN_UNUSED_FUNCTION = YES;
				GCC_WARN_UNUSED_VARIABLE = YES;
				IPHONEOS_DEPLOYMENT_TARGET = 13.0;
				MTL_ENABLE_DEBUG_INFO = NO;
				MTL_FAST_MATH = YES;
				SDKROOT = iphoneos;
				STRING_CATALOG_GENERATE_SYMBOLS = YES;
				SWIFT_COMPILATION_MODE = wholemodule;
				SWIFT_OPTIMIZATION_LEVEL = "-O";
				VALIDATE_PRODUCT = YES;
			};
			name = Release;
		};
		610E54452E955BEA00FD6653 /* Debug */ = {
			isa = XCBuildConfiguration;
			baseConfigurationReference = 13F39FF1375043353B37BAA4 /* Pods-Playwire-PlaywireObjC.debug.xcconfig */;
			buildSettings = {
				ASSETCATALOG_COMPILER_APPICON_NAME = AppIcon;
				ASSETCATALOG_COMPILER_GENERATE_SWIFT_ASSET_SYMBOL_EXTENSIONS = YES;
				ASSETCATALOG_COMPILER_GLOBAL_ACCENT_COLOR_NAME = AccentColor;
				CLANG_ENABLE_MODULES = YES;
				CODE_SIGN_STYLE = Automatic;
				CURRENT_PROJECT_VERSION = 1;
				DEFINES_MODULE = YES;
				ENABLE_USER_SCRIPT_SANDBOXING = NO;
				GCC_C_LANGUAGE_STANDARD = gnu17;
				GENERATE_INFOPLIST_FILE = YES;
				INFOPLIST_FILE = PlaywireObjC/Info.plist;
				INFOPLIST_KEY_NSUserTrackingUsageDescription = "This identifier will be used to deliver personalized ads to you.";
				INFOPLIST_KEY_UIApplicationSupportsIndirectInputEvents = YES;
				INFOPLIST_KEY_UILaunchStoryboardName = LaunchScreen;
				INFOPLIST_KEY_UISupportedInterfaceOrientations_iPad = "UIInterfaceOrientationPortrait UIInterfaceOrientationPortraitUpsideDown UIInterfaceOrientationLandscapeLeft UIInterfaceOrientationLandscapeRight";
				INFOPLIST_KEY_UISupportedInterfaceOrientations_iPhone = "UIInterfaceOrientationPortrait UIInterfaceOrientationLandscapeLeft UIInterfaceOrientationLandscapeRight";
				IPHONEOS_DEPLOYMENT_TARGET = 26.0;
				LD_RUNPATH_SEARCH_PATHS = (
					"$(inherited)",
					"@executable_path/Frameworks",
				);
				LOCALIZATION_PREFERS_STRING_CATALOGS = YES;
				MARKETING_VERSION = 1.0;
				PRODUCT_BUNDLE_IDENTIFIER = com.intergi.PlaywireObjC;
				PRODUCT_NAME = "$(TARGET_NAME)";
				STRING_CATALOG_GENERATE_SYMBOLS = YES;
				SWIFT_APPROACHABLE_CONCURRENCY = YES;
				SWIFT_DEFAULT_ACTOR_ISOLATION = MainActor;
				SWIFT_EMIT_LOC_STRINGS = YES;
				SWIFT_OBJC_BRIDGING_HEADER = "";
				SWIFT_OPTIMIZATION_LEVEL = "-Onone";
				SWIFT_VERSION = 6.0;
				TARGETED_DEVICE_FAMILY = "1,2";
			};
			name = Debug;
		};
		610E54462E955BEA00FD6653 /* Release */ = {
			isa = XCBuildConfiguration;
			baseConfigurationReference = AF582025D77BF419DE04589D /* Pods-Playwire-PlaywireObjC.release.xcconfig */;
			buildSettings = {
				ASSETCATALOG_COMPILER_APPICON_NAME = AppIcon;
				ASSETCATALOG_COMPILER_GENERATE_SWIFT_ASSET_SYMBOL_EXTENSIONS = YES;
				ASSETCATALOG_COMPILER_GLOBAL_ACCENT_COLOR_NAME = AccentColor;
				CLANG_ENABLE_MODULES = YES;
				CODE_SIGN_STYLE = Automatic;
				CURRENT_PROJECT_VERSION = 1;
				DEFINES_MODULE = YES;
				ENABLE_USER_SCRIPT_SANDBOXING = NO;
				GCC_C_LANGUAGE_STANDARD = gnu17;
				GENERATE_INFOPLIST_FILE = YES;
				INFOPLIST_FILE = PlaywireObjC/Info.plist;
				INFOPLIST_KEY_NSUserTrackingUsageDescription = "This identifier will be used to deliver personalized ads to you.";
				INFOPLIST_KEY_UIApplicationSupportsIndirectInputEvents = YES;
				INFOPLIST_KEY_UILaunchStoryboardName = LaunchScreen;
				INFOPLIST_KEY_UISupportedInterfaceOrientations_iPad = "UIInterfaceOrientationPortrait UIInterfaceOrientationPortraitUpsideDown UIInterfaceOrientationLandscapeLeft UIInterfaceOrientationLandscapeRight";
				INFOPLIST_KEY_UISupportedInterfaceOrientations_iPhone = "UIInterfaceOrientationPortrait UIInterfaceOrientationLandscapeLeft UIInterfaceOrientationLandscapeRight";
				IPHONEOS_DEPLOYMENT_TARGET = 26.0;
				LD_RUNPATH_SEARCH_PATHS = (
					"$(inherited)",
					"@executable_path/Frameworks",
				);
				LOCALIZATION_PREFERS_STRING_CATALOGS = YES;
				MARKETING_VERSION = 1.0;
				PRODUCT_BUNDLE_IDENTIFIER = com.intergi.PlaywireObjC;
				PRODUCT_NAME = "$(TARGET_NAME)";
				STRING_CATALOG_GENERATE_SYMBOLS = YES;
				SWIFT_APPROACHABLE_CONCURRENCY = YES;
				SWIFT_DEFAULT_ACTOR_ISOLATION = MainActor;
				SWIFT_EMIT_LOC_STRINGS = YES;
				SWIFT_OBJC_BRIDGING_HEADER = "";
				SWIFT_VERSION = 6.0;
				TARGETED_DEVICE_FAMILY = "1,2";
			};
			name = Release;
		};
		610E545E2E955C0300FD6653 /* Debug */ = {
			isa = XCBuildConfiguration;
			baseConfigurationReference = B7F90A53233B2249755F947C /* Pods-Playwire-PlaywireSwift.debug.xcconfig */;
			buildSettings = {
				ASSETCATALOG_COMPILER_APPICON_NAME = AppIcon;
				ASSETCATALOG_COMPILER_GENERATE_SWIFT_ASSET_SYMBOL_EXTENSIONS = YES;
				ASSETCATALOG_COMPILER_GLOBAL_ACCENT_COLOR_NAME = AccentColor;
				CODE_SIGN_STYLE = Automatic;
				CURRENT_PROJECT_VERSION = 1;
				GCC_C_LANGUAGE_STANDARD = gnu17;
				GENERATE_INFOPLIST_FILE = YES;
				INFOPLIST_FILE = PlaywireSwift/Info.plist;
				INFOPLIST_KEY_UIApplicationSupportsIndirectInputEvents = YES;
				INFOPLIST_KEY_UILaunchStoryboardName = LaunchScreen;
				INFOPLIST_KEY_UISupportedInterfaceOrientations_iPad = "UIInterfaceOrientationPortrait UIInterfaceOrientationPortraitUpsideDown UIInterfaceOrientationLandscapeLeft UIInterfaceOrientationLandscapeRight";
				INFOPLIST_KEY_UISupportedInterfaceOrientations_iPhone = "UIInterfaceOrientationPortrait UIInterfaceOrientationLandscapeLeft UIInterfaceOrientationLandscapeRight";
				IPHONEOS_DEPLOYMENT_TARGET = 26.0;
				LD_RUNPATH_SEARCH_PATHS = (
					"$(inherited)",
					"@executable_path/Frameworks",
				);
				LOCALIZATION_PREFERS_STRING_CATALOGS = YES;
				MARKETING_VERSION = 1.0;
				PRODUCT_BUNDLE_IDENTIFIER = com.intergi.PlaywireSwift;
				PRODUCT_NAME = "$(TARGET_NAME)";
				STRING_CATALOG_GENERATE_SYMBOLS = YES;
				SWIFT_ACTIVE_COMPILATION_CONDITIONS = "DEBUG $(inherited)";
				SWIFT_APPROACHABLE_CONCURRENCY = YES;
				SWIFT_DEFAULT_ACTOR_ISOLATION = MainActor;
				SWIFT_EMIT_LOC_STRINGS = YES;
				SWIFT_UPCOMING_FEATURE_MEMBER_IMPORT_VISIBILITY = YES;
				SWIFT_VERSION = 5.0;
				TARGETED_DEVICE_FAMILY = "1,2";
			};
			name = Debug;
		};
		610E545F2E955C0300FD6653 /* Release */ = {
			isa = XCBuildConfiguration;
			baseConfigurationReference = 5E801AAEFFD5D598D0A4D584 /* Pods-Playwire-PlaywireSwift.release.xcconfig */;
			buildSettings = {
				ASSETCATALOG_COMPILER_APPICON_NAME = AppIcon;
				ASSETCATALOG_COMPILER_GENERATE_SWIFT_ASSET_SYMBOL_EXTENSIONS = YES;
				ASSETCATALOG_COMPILER_GLOBAL_ACCENT_COLOR_NAME = AccentColor;
				CODE_SIGN_STYLE = Automatic;
				CURRENT_PROJECT_VERSION = 1;
				GCC_C_LANGUAGE_STANDARD = gnu17;
				GENERATE_INFOPLIST_FILE = YES;
				INFOPLIST_FILE = PlaywireSwift/Info.plist;
				INFOPLIST_KEY_UIApplicationSupportsIndirectInputEvents = YES;
				INFOPLIST_KEY_UILaunchStoryboardName = LaunchScreen;
				INFOPLIST_KEY_UISupportedInterfaceOrientations_iPad = "UIInterfaceOrientationPortrait UIInterfaceOrientationPortraitUpsideDown UIInterfaceOrientationLandscapeLeft UIInterfaceOrientationLandscapeRight";
				INFOPLIST_KEY_UISupportedInterfaceOrientations_iPhone = "UIInterfaceOrientationPortrait UIInterfaceOrientationLandscapeLeft UIInterfaceOrientationLandscapeRight";
				IPHONEOS_DEPLOYMENT_TARGET = 26.0;
				LD_RUNPATH_SEARCH_PATHS = (
					"$(inherited)",
					"@executable_path/Frameworks",
				);
				LOCALIZATION_PREFERS_STRING_CATALOGS = YES;
				MARKETING_VERSION = 1.0;
				PRODUCT_BUNDLE_IDENTIFIER = com.intergi.PlaywireSwift;
				PRODUCT_NAME = "$(TARGET_NAME)";
				STRING_CATALOG_GENERATE_SYMBOLS = YES;
				SWIFT_APPROACHABLE_CONCURRENCY = YES;
				SWIFT_DEFAULT_ACTOR_ISOLATION = MainActor;
				SWIFT_EMIT_LOC_STRINGS = YES;
				SWIFT_UPCOMING_FEATURE_MEMBER_IMPORT_VISIBILITY = YES;
				SWIFT_VERSION = 5.0;
				TARGETED_DEVICE_FAMILY = "1,2";
			};
			name = Release;
		};
		610E54902E955C2000FD6653 /* Debug */ = {
			isa = XCBuildConfiguration;
			baseConfigurationReference = 1856080D69D59706F8F9759C /* Pods-Playwire-PlaywireSwiftUI.debug.xcconfig */;
			buildSettings = {
				ASSETCATALOG_COMPILER_APPICON_NAME = AppIcon;
				ASSETCATALOG_COMPILER_GENERATE_SWIFT_ASSET_SYMBOL_EXTENSIONS = YES;
				ASSETCATALOG_COMPILER_GLOBAL_ACCENT_COLOR_NAME = AccentColor;
				CODE_SIGN_STYLE = Automatic;
				CURRENT_PROJECT_VERSION = 1;
				ENABLE_PREVIEWS = YES;
				GCC_C_LANGUAGE_STANDARD = gnu17;
				GENERATE_INFOPLIST_FILE = YES;
				INFOPLIST_FILE = PlaywireSwiftUI/Info.plist;
				INFOPLIST_KEY_UIApplicationSceneManifest_Generation = YES;
				INFOPLIST_KEY_UIApplicationSupportsIndirectInputEvents = YES;
				INFOPLIST_KEY_UILaunchScreen_Generation = YES;
				INFOPLIST_KEY_UISupportedInterfaceOrientations_iPad = "UIInterfaceOrientationPortrait UIInterfaceOrientationPortraitUpsideDown UIInterfaceOrientationLandscapeLeft UIInterfaceOrientationLandscapeRight";
				INFOPLIST_KEY_UISupportedInterfaceOrientations_iPhone = "UIInterfaceOrientationPortrait UIInterfaceOrientationLandscapeLeft UIInterfaceOrientationLandscapeRight";
				IPHONEOS_DEPLOYMENT_TARGET = 26.0;
				LD_RUNPATH_SEARCH_PATHS = (
					"$(inherited)",
					"@executable_path/Frameworks",
				);
				LOCALIZATION_PREFERS_STRING_CATALOGS = YES;
				MARKETING_VERSION = 1.0;
				PRODUCT_BUNDLE_IDENTIFIER = com.intergi.PlaywireSwiftUI;
				PRODUCT_NAME = "$(TARGET_NAME)";
				STRING_CATALOG_GENERATE_SYMBOLS = YES;
				SWIFT_ACTIVE_COMPILATION_CONDITIONS = "DEBUG $(inherited)";
				SWIFT_APPROACHABLE_CONCURRENCY = YES;
				SWIFT_DEFAULT_ACTOR_ISOLATION = MainActor;
				SWIFT_EMIT_LOC_STRINGS = YES;
				SWIFT_UPCOMING_FEATURE_MEMBER_IMPORT_VISIBILITY = YES;
				SWIFT_VERSION = 5.0;
				TARGETED_DEVICE_FAMILY = "1,2";
			};
			name = Debug;
		};
		610E54912E955C2000FD6653 /* Release */ = {
			isa = XCBuildConfiguration;
			baseConfigurationReference = D2D993A409B8B0E5A9BB30DC /* Pods-Playwire-PlaywireSwiftUI.release.xcconfig */;
			buildSettings = {
				ASSETCATALOG_COMPILER_APPICON_NAME = AppIcon;
				ASSETCATALOG_COMPILER_GENERATE_SWIFT_ASSET_SYMBOL_EXTENSIONS = YES;
				ASSETCATALOG_COMPILER_GLOBAL_ACCENT_COLOR_NAME = AccentColor;
				CODE_SIGN_STYLE = Automatic;
				CURRENT_PROJECT_VERSION = 1;
				ENABLE_PREVIEWS = YES;
				GCC_C_LANGUAGE_STANDARD = gnu17;
				GENERATE_INFOPLIST_FILE = YES;
				INFOPLIST_FILE = PlaywireSwiftUI/Info.plist;
				INFOPLIST_KEY_UIApplicationSceneManifest_Generation = YES;
				INFOPLIST_KEY_UIApplicationSupportsIndirectInputEvents = YES;
				INFOPLIST_KEY_UILaunchScreen_Generation = YES;
				INFOPLIST_KEY_UISupportedInterfaceOrientations_iPad = "UIInterfaceOrientationPortrait UIInterfaceOrientationPortraitUpsideDown UIInterfaceOrientationLandscapeLeft UIInterfaceOrientationLandscapeRight";
				INFOPLIST_KEY_UISupportedInterfaceOrientations_iPhone = "UIInterfaceOrientationPortrait UIInterfaceOrientationLandscapeLeft UIInterfaceOrientationLandscapeRight";
				IPHONEOS_DEPLOYMENT_TARGET = 26.0;
				LD_RUNPATH_SEARCH_PATHS = (
					"$(inherited)",
					"@executable_path/Frameworks",
				);
				LOCALIZATION_PREFERS_STRING_CATALOGS = YES;
				MARKETING_VERSION = 1.0;
				PRODUCT_BUNDLE_IDENTIFIER = com.intergi.PlaywireSwiftUI;
				PRODUCT_NAME = "$(TARGET_NAME)";
				STRING_CATALOG_GENERATE_SYMBOLS = YES;
				SWIFT_APPROACHABLE_CONCURRENCY = YES;
				SWIFT_DEFAULT_ACTOR_ISOLATION = MainActor;
				SWIFT_EMIT_LOC_STRINGS = YES;
				SWIFT_UPCOMING_FEATURE_MEMBER_IMPORT_VISIBILITY = YES;
				SWIFT_VERSION = 5.0;
				TARGETED_DEVICE_FAMILY = "1,2";
			};
			name = Release;
		};
/* End XCBuildConfiguration section */

/* Begin XCConfigurationList section */
		212DA4342951EFF400B2FB4A /* Build configuration list for PBXProject "PlaywireSDKApps" */ = {
			isa = XCConfigurationList;
			buildConfigurations = (
				212DA44B2951EFFC00B2FB4A /* Debug */,
				212DA44C2951EFFC00B2FB4A /* Release */,
			);
			defaultConfigurationIsVisible = 0;
			defaultConfigurationName = Release;
		};
		610E54442E955BEA00FD6653 /* Build configuration list for PBXNativeTarget "PlaywireObjC" */ = {
			isa = XCConfigurationList;
			buildConfigurations = (
				610E54452E955BEA00FD6653 /* Debug */,
				610E54462E955BEA00FD6653 /* Release */,
			);
			defaultConfigurationIsVisible = 0;
			defaultConfigurationName = Release;
		};
		610E545D2E955C0300FD6653 /* Build configuration list for PBXNativeTarget "PlaywireSwift" */ = {
			isa = XCConfigurationList;
			buildConfigurations = (
				610E545E2E955C0300FD6653 /* Debug */,
				610E545F2E955C0300FD6653 /* Release */,
			);
			defaultConfigurationIsVisible = 0;
			defaultConfigurationName = Release;
		};
		610E548F2E955C2000FD6653 /* Build configuration list for PBXNativeTarget "PlaywireSwiftUI" */ = {
			isa = XCConfigurationList;
			buildConfigurations = (
				610E54902E955C2000FD6653 /* Debug */,
				610E54912E955C2000FD6653 /* Release */,
			);
			defaultConfigurationIsVisible = 0;
			defaultConfigurationName = Release;
		};
/* End XCConfigurationList section */
	};
	rootObject = 212DA4312951EFF400B2FB4A /* Project object */;
}
