// !$*UTF8*$!
{
	archiveVersion = 1;
	classes = {
	};
	objectVersion = 77;
	objects = {

/* Begin PBXBuildFile section */
		5A9A5D4B0DB9C52CAB8FAD54 /* Pods_Playwire_PlaywireObjC.framework in Frameworks */ = {isa = PBXBuildFile; fileRef = 548372CA82296F892C8D1C05 /* Pods_Playwire_PlaywireObjC.framework */; };
		7C6F87390C74FC1EC2E531D0 /* Pods_Playwire_PlaywireSwiftUI.framework in Frameworks */ = {isa = PBXBuildFile; fileRef = E745C642D54C5D865D0B8917 /* Pods_Playwire_PlaywireSwiftUI.framework */; };
		E6CDB2C7381AADDA652654B7 /* Pods_Playwire_PlaywireSwift.framework in Frameworks */ = {isa = PBXBuildFile; fileRef = 6E8E57A4DD25D484E04C7553 /* Pods_Playwire_PlaywireSwift.framework */; };
/* End PBXBuildFile section */

/* Begin PBXFileReference section */
		05DCFEDE4969AB1C10E97ABE /* Pods-Total-PlaywireSwift.debug.xcconfig */ = {isa = PBXFileReference; includeInIndex = 1; lastKnownFileType = text.xcconfig; name = "Pods-Total-PlaywireSwift.debug.xcconfig"; path = "Target Support Files/Pods-Total-PlaywireSwift/Pods-Total-PlaywireSwift.debug.xcconfig"; sourceTree = "<group>"; };
		0952AFF0B11E055A91E6BBE0 /* Pods-Total-PlaywireSDKAppsSwiftUI.debug.xcconfig */ = {isa = PBXFileReference; includeInIndex = 1; lastKnownFileType = text.xcconfig; name = "Pods-Total-PlaywireSDKAppsSwiftUI.debug.xcconfig"; path = "Target Support Files/Pods-Total-PlaywireSDKAppsSwiftUI/Pods-Total-PlaywireSDKAppsSwiftUI.debug.xcconfig"; sourceTree = "<group>"; };
		0D19A4744B47E68BF71C1818 /* Pods-Coppa-PlaywireSwift_Coppa.release.xcconfig */ = {isa = PBXFileReference; includeInIndex = 1; lastKnownFileType = text.xcconfig; name = "Pods-Coppa-PlaywireSwift_Coppa.release.xcconfig"; path = "Target Support Files/Pods-Coppa-PlaywireSwift_Coppa/Pods-Coppa-PlaywireSwift_Coppa.release.xcconfig"; sourceTree = "<group>"; };
		0F9D1EAAB2BB02703C03ABFA /* Pods_Coppa_PlaywireSwiftUI_Coppa.framework */ = {isa = PBXFileReference; explicitFileType = wrapper.framework; includeInIndex = 0; path = Pods_Coppa_PlaywireSwiftUI_Coppa.framework; sourceTree = BUILT_PRODUCTS_DIR; };
		278C4F17B5DB0F32415308F3 /* Pods-Coppa-PlaywireSwiftUI_Coppa.debug.xcconfig */ = {isa = PBXFileReference; includeInIndex = 1; lastKnownFileType = text.xcconfig; name = "Pods-Coppa-PlaywireSwiftUI_Coppa.debug.xcconfig"; path = "Target Support Files/Pods-Coppa-PlaywireSwiftUI_Coppa/Pods-Coppa-PlaywireSwiftUI_Coppa.debug.xcconfig"; sourceTree = "<group>"; };
		2A73C866CC3EC7B4EAF00E13 /* Pods-Total-PlaywireObjC.debug.xcconfig */ = {isa = PBXFileReference; includeInIndex = 1; lastKnownFileType = text.xcconfig; name = "Pods-Total-PlaywireObjC.debug.xcconfig"; path = "Target Support Files/Pods-Total-PlaywireObjC/Pods-Total-PlaywireObjC.debug.xcconfig"; sourceTree = "<group>"; };
		3A1EF080FCCA20CBA8D8222E /* Pods-Playwire-PlaywireSwift.debug.xcconfig */ = {isa = PBXFileReference; includeInIndex = 1; lastKnownFileType = text.xcconfig; name = "Pods-Playwire-PlaywireSwift.debug.xcconfig"; path = "Target Support Files/Pods-Playwire-PlaywireSwift/Pods-Playwire-PlaywireSwift.debug.xcconfig"; sourceTree = "<group>"; };
		52FA3D2C39AE9FD1EB22934F /* Pods_Coppa_PlaywireSwift_Coppa.framework */ = {isa = PBXFileReference; explicitFileType = wrapper.framework; includeInIndex = 0; path = Pods_Coppa_PlaywireSwift_Coppa.framework; sourceTree = BUILT_PRODUCTS_DIR; };
		5312F6A4E654673B0C24DE94 /* Pods-Playwire-PlaywireSwift.release.xcconfig */ = {isa = PBXFileReference; includeInIndex = 1; lastKnownFileType = text.xcconfig; name = "Pods-Playwire-PlaywireSwift.release.xcconfig"; path = "Target Support Files/Pods-Playwire-PlaywireSwift/Pods-Playwire-PlaywireSwift.release.xcconfig"; sourceTree = "<group>"; };
		533C93756BE00F1BB3B70390 /* Pods-Coppa-PlaywireSDKAppsSwiftUI_COPPA.debug.xcconfig */ = {isa = PBXFileReference; includeInIndex = 1; lastKnownFileType = text.xcconfig; name = "Pods-Coppa-PlaywireSDKAppsSwiftUI_COPPA.debug.xcconfig"; path = "Target Support Files/Pods-Coppa-PlaywireSDKAppsSwiftUI_COPPA/Pods-Coppa-PlaywireSDKAppsSwiftUI_COPPA.debug.xcconfig"; sourceTree = "<group>"; };
		548372CA82296F892C8D1C05 /* Pods_Playwire_PlaywireObjC.framework */ = {isa = PBXFileReference; explicitFileType = wrapper.framework; includeInIndex = 0; path = Pods_Playwire_PlaywireObjC.framework; sourceTree = BUILT_PRODUCTS_DIR; };
		54EC8E2FD24DA0DA63C9165C /* Pods_Coppa_PlaywireObjC_Coppa.framework */ = {isa = PBXFileReference; explicitFileType = wrapper.framework; includeInIndex = 0; path = Pods_Coppa_PlaywireObjC_Coppa.framework; sourceTree = BUILT_PRODUCTS_DIR; };
		5C5F44A2575500570BA7E88E /* Pods-Coppa-PlaywireSDKAppsSwift_COPPA.release.xcconfig */ = {isa = PBXFileReference; includeInIndex = 1; lastKnownFileType = text.xcconfig; name = "Pods-Coppa-PlaywireSDKAppsSwift_COPPA.release.xcconfig"; path = "Target Support Files/Pods-Coppa-PlaywireSDKAppsSwift_COPPA/Pods-Coppa-PlaywireSDKAppsSwift_COPPA.release.xcconfig"; sourceTree = "<group>"; };
		5C6C33C71C46CA44C68964BD /* Pods_Coppa_PlaywireSDKAppsObjC_COPPA.framework */ = {isa = PBXFileReference; explicitFileType = wrapper.framework; includeInIndex = 0; path = Pods_Coppa_PlaywireSDKAppsObjC_COPPA.framework; sourceTree = BUILT_PRODUCTS_DIR; };
		610E542D2E955BE900FD6653 /* PlaywireObjC.app */ = {isa = PBXFileReference; explicitFileType = wrapper.application; includeInIndex = 0; path = PlaywireObjC.app; sourceTree = BUILT_PRODUCTS_DIR; };
		610E544B2E955C0200FD6653 /* PlaywireSwift.app */ = {isa = PBXFileReference; explicitFileType = wrapper.application; includeInIndex = 0; path = PlaywireSwift.app; sourceTree = BUILT_PRODUCTS_DIR; };
		610E54872E955C1F00FD6653 /* PlaywireSwiftUI.app */ = {isa = PBXFileReference; explicitFileType = wrapper.application; includeInIndex = 0; path = PlaywireSwiftUI.app; sourceTree = BUILT_PRODUCTS_DIR; };
		641BB2AB03BF93DC95E82E61 /* Pods-Playwire-PlaywireObjC.release.xcconfig */ = {isa = PBXFileReference; includeInIndex = 1; lastKnownFileType = text.xcconfig; name = "Pods-Playwire-PlaywireObjC.release.xcconfig"; path = "Target Support Files/Pods-Playwire-PlaywireObjC/Pods-Playwire-PlaywireObjC.release.xcconfig"; sourceTree = "<group>"; };
		65CDCB2AB17138C6A90F530B /* Pods-Coppa-PlaywireSwiftUI_Coppa.release.xcconfig */ = {isa = PBXFileReference; includeInIndex = 1; lastKnownFileType = text.xcconfig; name = "Pods-Coppa-PlaywireSwiftUI_Coppa.release.xcconfig"; path = "Target Support Files/Pods-Coppa-PlaywireSwiftUI_Coppa/Pods-Coppa-PlaywireSwiftUI_Coppa.release.xcconfig"; sourceTree = "<group>"; };
		66121F51BF60158568760ED2 /* Pods-Total-PlaywireSwiftUI.release.xcconfig */ = {isa = PBXFileReference; includeInIndex = 1; lastKnownFileType = text.xcconfig; name = "Pods-Total-PlaywireSwiftUI.release.xcconfig"; path = "Target Support Files/Pods-Total-PlaywireSwiftUI/Pods-Total-PlaywireSwiftUI.release.xcconfig"; sourceTree = "<group>"; };
		6E8E57A4DD25D484E04C7553 /* Pods_Playwire_PlaywireSwift.framework */ = {isa = PBXFileReference; explicitFileType = wrapper.framework; includeInIndex = 0; path = Pods_Playwire_PlaywireSwift.framework; sourceTree = BUILT_PRODUCTS_DIR; };
		702E8E3E88783CFF07ADF4F3 /* Pods-Total-PlaywireSwiftUI.debug.xcconfig */ = {isa = PBXFileReference; includeInIndex = 1; lastKnownFileType = text.xcconfig; name = "Pods-Total-PlaywireSwiftUI.debug.xcconfig"; path = "Target Support Files/Pods-Total-PlaywireSwiftUI/Pods-Total-PlaywireSwiftUI.debug.xcconfig"; sourceTree = "<group>"; };
		73CCB2E3FEEF93FBEF581F0F /* Pods-Playwire-PlaywireSwiftUI.release.xcconfig */ = {isa = PBXFileReference; includeInIndex = 1; lastKnownFileType = text.xcconfig; name = "Pods-Playwire-PlaywireSwiftUI.release.xcconfig"; path = "Target Support Files/Pods-Playwire-PlaywireSwiftUI/Pods-Playwire-PlaywireSwiftUI.release.xcconfig"; sourceTree = "<group>"; };
		74BE785C38336D7D5B7B468D /* Pods_Total_PlaywireSDKAppsSwift.framework */ = {isa = PBXFileReference; explicitFileType = wrapper.framework; includeInIndex = 0; path = Pods_Total_PlaywireSDKAppsSwift.framework; sourceTree = BUILT_PRODUCTS_DIR; };
		75A87318E3A62571721A3D4C /* Pods-Coppa-PlaywireObjC_Coppa.debug.xcconfig */ = {isa = PBXFileReference; includeInIndex = 1; lastKnownFileType = text.xcconfig; name = "Pods-Coppa-PlaywireObjC_Coppa.debug.xcconfig"; path = "Target Support Files/Pods-Coppa-PlaywireObjC_Coppa/Pods-Coppa-PlaywireObjC_Coppa.debug.xcconfig"; sourceTree = "<group>"; };
		7B6E2B607C4FB699467DBBF7 /* Pods-Total-PlaywireSwift.release.xcconfig */ = {isa = PBXFileReference; includeInIndex = 1; lastKnownFileType = text.xcconfig; name = "Pods-Total-PlaywireSwift.release.xcconfig"; path = "Target Support Files/Pods-Total-PlaywireSwift/Pods-Total-PlaywireSwift.release.xcconfig"; sourceTree = "<group>"; };
		7E0DD5672C918926C8288AF5 /* Pods-Coppa-PlaywireSDKAppsObjC_COPPA.debug.xcconfig */ = {isa = PBXFileReference; includeInIndex = 1; lastKnownFileType = text.xcconfig; name = "Pods-Coppa-PlaywireSDKAppsObjC_COPPA.debug.xcconfig"; path = "Target Support Files/Pods-Coppa-PlaywireSDKAppsObjC_COPPA/Pods-Coppa-PlaywireSDKAppsObjC_COPPA.debug.xcconfig"; sourceTree = "<group>"; };
		7ED5EB2B49A33EDA36E33F7D /* Pods-Total-PlaywireObjC.release.xcconfig */ = {isa = PBXFileReference; includeInIndex = 1; lastKnownFileType = text.xcconfig; name = "Pods-Total-PlaywireObjC.release.xcconfig"; path = "Target Support Files/Pods-Total-PlaywireObjC/Pods-Total-PlaywireObjC.release.xcconfig"; sourceTree = "<group>"; };
		8FE09A1C1B1BDD3A5F02C8F9 /* Pods-Coppa-PlaywireSDKAppsObjC_COPPA.release.xcconfig */ = {isa = PBXFileReference; includeInIndex = 1; lastKnownFileType = text.xcconfig; name = "Pods-Coppa-PlaywireSDKAppsObjC_COPPA.release.xcconfig"; path = "Target Support Files/Pods-Coppa-PlaywireSDKAppsObjC_COPPA/Pods-Coppa-PlaywireSDKAppsObjC_COPPA.release.xcconfig"; sourceTree = "<group>"; };
		9B0F44D8652865AFA4A8C566 /* Pods-Total-PlaywireSDKAppsSwiftUI.release.xcconfig */ = {isa = PBXFileReference; includeInIndex = 1; lastKnownFileType = text.xcconfig; name = "Pods-Total-PlaywireSDKAppsSwiftUI.release.xcconfig"; path = "Target Support Files/Pods-Total-PlaywireSDKAppsSwiftUI/Pods-Total-PlaywireSDKAppsSwiftUI.release.xcconfig"; sourceTree = "<group>"; };
		ADB24CA55C496ABBFF695EB3 /* Pods-Coppa-PlaywireObjC_Coppa.release.xcconfig */ = {isa = PBXFileReference; includeInIndex = 1; lastKnownFileType = text.xcconfig; name = "Pods-Coppa-PlaywireObjC_Coppa.release.xcconfig"; path = "Target Support Files/Pods-Coppa-PlaywireObjC_Coppa/Pods-Coppa-PlaywireObjC_Coppa.release.xcconfig"; sourceTree = "<group>"; };
		ADCFB5C3BD20104826D474F9 /* Pods-Total-PlaywireSDKAppsSwift.release.xcconfig */ = {isa = PBXFileReference; includeInIndex = 1; lastKnownFileType = text.xcconfig; name = "Pods-Total-PlaywireSDKAppsSwift.release.xcconfig"; path = "Target Support Files/Pods-Total-PlaywireSDKAppsSwift/Pods-Total-PlaywireSDKAppsSwift.release.xcconfig"; sourceTree = "<group>"; };
		B1138252FF23EF8261D5E81D /* Pods_Total_PlaywireSDKAppsObjC.framework */ = {isa = PBXFileReference; explicitFileType = wrapper.framework; includeInIndex = 0; path = Pods_Total_PlaywireSDKAppsObjC.framework; sourceTree = BUILT_PRODUCTS_DIR; };
		B14637BB05F8DFD165568CAA /* Pods-Playwire-PlaywireObjC.debug.xcconfig */ = {isa = PBXFileReference; includeInIndex = 1; lastKnownFileType = text.xcconfig; name = "Pods-Playwire-PlaywireObjC.debug.xcconfig"; path = "Target Support Files/Pods-Playwire-PlaywireObjC/Pods-Playwire-PlaywireObjC.debug.xcconfig"; sourceTree = "<group>"; };
		B9A32C2582B023D16FBE0526 /* Pods-Coppa-PlaywireSwift_Coppa.debug.xcconfig */ = {isa = PBXFileReference; includeInIndex = 1; lastKnownFileType = text.xcconfig; name = "Pods-Coppa-PlaywireSwift_Coppa.debug.xcconfig"; path = "Target Support Files/Pods-Coppa-PlaywireSwift_Coppa/Pods-Coppa-PlaywireSwift_Coppa.debug.xcconfig"; sourceTree = "<group>"; };
		BCFEAA44410F85A7534641E0 /* Pods_Coppa_PlaywireSDKAppsSwiftUI_COPPA.framework */ = {isa = PBXFileReference; explicitFileType = wrapper.framework; includeInIndex = 0; path = Pods_Coppa_PlaywireSDKAppsSwiftUI_COPPA.framework; sourceTree = BUILT_PRODUCTS_DIR; };
		BE4A9A3D2C6BADC700AC219F /* StoreKit.framework */ = {isa = PBXFileReference; lastKnownFileType = wrapper.framework; name = StoreKit.framework; path = System/Library/Frameworks/StoreKit.framework; sourceTree = SDKROOT; };
		C22B038551BDB055B1759DEB /* Pods_Coppa_PlaywireSDKAppsSwift_COPPA.framework */ = {isa = PBXFileReference; explicitFileType = wrapper.framework; includeInIndex = 0; path = Pods_Coppa_PlaywireSDKAppsSwift_COPPA.framework; sourceTree = BUILT_PRODUCTS_DIR; };
		C5DBD10843BE737C743857A1 /* Pods_Total_PlaywireSDKAppsSwiftUI.framework */ = {isa = PBXFileReference; explicitFileType = wrapper.framework; includeInIndex = 0; path = Pods_Total_PlaywireSDKAppsSwiftUI.framework; sourceTree = BUILT_PRODUCTS_DIR; };
		C81B639098DF875E11F62E72 /* Pods-Total-PlaywireSDKAppsObjC.release.xcconfig */ = {isa = PBXFileReference; includeInIndex = 1; lastKnownFileType = text.xcconfig; name = "Pods-Total-PlaywireSDKAppsObjC.release.xcconfig"; path = "Target Support Files/Pods-Total-PlaywireSDKAppsObjC/Pods-Total-PlaywireSDKAppsObjC.release.xcconfig"; sourceTree = "<group>"; };
		D11F66E20ADBECE8562DBA25 /* Pods-Total-PlaywireSDKAppsSwift.debug.xcconfig */ = {isa = PBXFileReference; includeInIndex = 1; lastKnownFileType = text.xcconfig; name = "Pods-Total-PlaywireSDKAppsSwift.debug.xcconfig"; path = "Target Support Files/Pods-Total-PlaywireSDKAppsSwift/Pods-Total-PlaywireSDKAppsSwift.debug.xcconfig"; sourceTree = "<group>"; };
		D95B72CFB0104DC436B09E1D /* Pods-Playwire-PlaywireSwiftUI.debug.xcconfig */ = {isa = PBXFileReference; includeInIndex = 1; lastKnownFileType = text.xcconfig; name = "Pods-Playwire-PlaywireSwiftUI.debug.xcconfig"; path = "Target Support Files/Pods-Playwire-PlaywireSwiftUI/Pods-Playwire-PlaywireSwiftUI.debug.xcconfig"; sourceTree = "<group>"; };
		DDC40B91B5474BB5675E3D43 /* Pods-Coppa-PlaywireSDKAppsSwift_COPPA.debug.xcconfig */ = {isa = PBXFileReference; includeInIndex = 1; lastKnownFileType = text.xcconfig; name = "Pods-Coppa-PlaywireSDKAppsSwift_COPPA.debug.xcconfig"; path = "Target Support Files/Pods-Coppa-PlaywireSDKAppsSwift_COPPA/Pods-Coppa-PlaywireSDKAppsSwift_COPPA.debug.xcconfig"; sourceTree = "<group>"; };
		E5E946600009F7F61502DD99 /* Pods-Coppa-PlaywireSDKAppsSwiftUI_COPPA.release.xcconfig */ = {isa = PBXFileReference; includeInIndex = 1; lastKnownFileType = text.xcconfig; name = "Pods-Coppa-PlaywireSDKAppsSwiftUI_COPPA.release.xcconfig"; path = "Target Support Files/Pods-Coppa-PlaywireSDKAppsSwiftUI_COPPA/Pods-Coppa-PlaywireSDKAppsSwiftUI_COPPA.release.xcconfig"; sourceTree = "<group>"; };
		E745C642D54C5D865D0B8917 /* Pods_Playwire_PlaywireSwiftUI.framework */ = {isa = PBXFileReference; explicitFileType = wrapper.framework; includeInIndex = 0; path = Pods_Playwire_PlaywireSwiftUI.framework; sourceTree = BUILT_PRODUCTS_DIR; };
		FA0490B7306184FBAAD94648 /* Pods-Total-PlaywireSDKAppsObjC.debug.xcconfig */ = {isa = PBXFileReference; includeInIndex = 1; lastKnownFileType = text.xcconfig; name = "Pods-Total-PlaywireSDKAppsObjC.debug.xcconfig"; path = "Target Support Files/Pods-Total-PlaywireSDKAppsObjC/Pods-Total-PlaywireSDKAppsObjC.debug.xcconfig"; sourceTree = "<group>"; };
/* End PBXFileReference section */

/* Begin PBXFileSystemSynchronizedBuildFileExceptionSet section */
		610E54432E955BEA00FD6653 /* Exceptions for "PlaywireObjC" folder in "PlaywireObjC" target */ = {
			isa = PBXFileSystemSynchronizedBuildFileExceptionSet;
			membershipExceptions = (
				Info.plist,
			);
			target = 610E542C2E955BE900FD6653 /* PlaywireObjC */;
		};
		610E54812E955C0D00FD6653 /* Exceptions for "PlaywireSwift" folder in "PlaywireObjC" target */ = {
			isa = PBXFileSystemSynchronizedBuildFileExceptionSet;
			membershipExceptions = (
				Ads/Fullscreen/AppOpen/AppOpenViewController.swift,
				Ads/Fullscreen/Interstitial/InterstitialViewController.swift,
				Ads/Fullscreen/Rewarded/RewardedInterstitialViewController.swift,
				Ads/Fullscreen/Rewarded/RewardedViewController.swift,
				Ads/view/banner/BannerViewController.swift,
				Ads/view/native/CustomNativeAdView.swift,
				Ads/view/native/NativeViewController.swift,
				AdTypes/AdTypesViewController.swift,
				AppDelegate.swift,
				Assets.xcassets,
				Info.plist,
				SceneDelegate.swift,
			);
			target = 610E542C2E955BE900FD6653 /* PlaywireObjC */;
		};
		610E54822E955C0D00FD6653 /* Exceptions for "PlaywireSwift" folder in "PlaywireSwift" target */ = {
			isa = PBXFileSystemSynchronizedBuildFileExceptionSet;
			membershipExceptions = (
				Ads/Fullscreen/AppOpen/AppOpenViewController.swift,
				Ads/Fullscreen/Interstitial/InterstitialViewController.swift,
				Ads/Fullscreen/Rewarded/RewardedInterstitialViewController.swift,
				Ads/Fullscreen/Rewarded/RewardedViewController.swift,
				Ads/view/banner/BannerViewController.swift,
				Ads/view/native/CustomNativeAdView.swift,
				Ads/view/native/NativeViewController.swift,
				AdTypes/AdTypesViewController.swift,
				AppDelegate.swift,
				Assets.xcassets,
				SceneDelegate.swift,
			);
			target = 610E544A2E955C0200FD6653 /* PlaywireSwift */;
		};
		610E561D2E958EC400FD6653 /* Exceptions for "PlaywireSwiftUI" folder in "PlaywireSwiftUI" target */ = {
			isa = PBXFileSystemSynchronizedBuildFileExceptionSet;
			membershipExceptions = (
				Info.plist,
			);
			target = 610E54862E955C1F00FD6653 /* PlaywireSwiftUI */;
		};
/* End PBXFileSystemSynchronizedBuildFileExceptionSet section */

/* Begin PBXFileSystemSynchronizedRootGroup section */
		610E542E2E955BE900FD6653 /* PlaywireObjC */ = {
			isa = PBXFileSystemSynchronizedRootGroup;
			exceptions = (
				610E54432E955BEA00FD6653 /* Exceptions for "PlaywireObjC" folder in "PlaywireObjC" target */,
			);
			path = PlaywireObjC;
			sourceTree = "<group>";
		};
		610E547A2E955C0D00FD6653 /* PlaywireSwift */ = {
			isa = PBXFileSystemSynchronizedRootGroup;
			exceptions = (
				610E54812E955C0D00FD6653 /* Exceptions for "PlaywireSwift" folder in "PlaywireObjC" target */,
				610E54822E955C0D00FD6653 /* Exceptions for "PlaywireSwift" folder in "PlaywireSwift" target */,
			);
			path = PlaywireSwift;
			sourceTree = "<group>";
		};
		610E54882E955C1F00FD6653 /* PlaywireSwiftUI */ = {
			isa = PBXFileSystemSynchronizedRootGroup;
			exceptions = (
				610E561D2E958EC400FD6653 /* Exceptions for "PlaywireSwiftUI" folder in "PlaywireSwiftUI" target */,
			);
			path = PlaywireSwiftUI;
			sourceTree = "<group>";
		};
/* End PBXFileSystemSynchronizedRootGroup section */

/* Begin PBXFrameworksBuildPhase section */
		610E542A2E955BE900FD6653 /* Frameworks */ = {
			isa = PBXFrameworksBuildPhase;
			buildActionMask = 2147483647;
			files = (
				5A9A5D4B0DB9C52CAB8FAD54 /* Pods_Playwire_PlaywireObjC.framework in Frameworks */,
			);
			runOnlyForDeploymentPostprocessing = 0;
		};
		610E54482E955C0200FD6653 /* Frameworks */ = {
			isa = PBXFrameworksBuildPhase;
			buildActionMask = 2147483647;
			files = (
				E6CDB2C7381AADDA652654B7 /* Pods_Playwire_PlaywireSwift.framework in Frameworks */,
			);
			runOnlyForDeploymentPostprocessing = 0;
		};
		610E54842E955C1F00FD6653 /* Frameworks */ = {
			isa = PBXFrameworksBuildPhase;
			buildActionMask = 2147483647;
			files = (
				7C6F87390C74FC1EC2E531D0 /* Pods_Playwire_PlaywireSwiftUI.framework in Frameworks */,
			);
			runOnlyForDeploymentPostprocessing = 0;
		};
/* End PBXFrameworksBuildPhase section */

/* Begin PBXGroup section */
		212DA4302951EFF300B2FB4A = {
			isa = PBXGroup;
			children = (
				610E542E2E955BE900FD6653 /* PlaywireObjC */,
				610E547A2E955C0D00FD6653 /* PlaywireSwift */,
				610E54882E955C1F00FD6653 /* PlaywireSwiftUI */,
				212DA43A2951EFF400B2FB4A /* Products */,
				9F29743D4CB5EDF01F439121 /* Pods */,
				4432D180024143DCE8AC98B9 /* Frameworks */,
			);
			sourceTree = "<group>";
		};
		212DA43A2951EFF400B2FB4A /* Products */ = {
			isa = PBXGroup;
			children = (
				610E542D2E955BE900FD6653 /* PlaywireObjC.app */,
				610E544B2E955C0200FD6653 /* PlaywireSwift.app */,
				610E54872E955C1F00FD6653 /* PlaywireSwiftUI.app */,
			);
			name = Products;
			sourceTree = "<group>";
		};
		4432D180024143DCE8AC98B9 /* Frameworks */ = {
			isa = PBXGroup;
			children = (
				BE4A9A3D2C6BADC700AC219F /* StoreKit.framework */,
				5C6C33C71C46CA44C68964BD /* Pods_Coppa_PlaywireSDKAppsObjC_COPPA.framework */,
				BCFEAA44410F85A7534641E0 /* Pods_Coppa_PlaywireSDKAppsSwiftUI_COPPA.framework */,
				C22B038551BDB055B1759DEB /* Pods_Coppa_PlaywireSDKAppsSwift_COPPA.framework */,
				B1138252FF23EF8261D5E81D /* Pods_Total_PlaywireSDKAppsObjC.framework */,
				74BE785C38336D7D5B7B468D /* Pods_Total_PlaywireSDKAppsSwift.framework */,
				C5DBD10843BE737C743857A1 /* Pods_Total_PlaywireSDKAppsSwiftUI.framework */,
				54EC8E2FD24DA0DA63C9165C /* Pods_Coppa_PlaywireObjC_Coppa.framework */,
				0F9D1EAAB2BB02703C03ABFA /* Pods_Coppa_PlaywireSwiftUI_Coppa.framework */,
				52FA3D2C39AE9FD1EB22934F /* Pods_Coppa_PlaywireSwift_Coppa.framework */,
				548372CA82296F892C8D1C05 /* Pods_Playwire_PlaywireObjC.framework */,
				6E8E57A4DD25D484E04C7553 /* Pods_Playwire_PlaywireSwift.framework */,
				E745C642D54C5D865D0B8917 /* Pods_Playwire_PlaywireSwiftUI.framework */,
			);
			name = Frameworks;
			sourceTree = "<group>";
		};
		9F29743D4CB5EDF01F439121 /* Pods */ = {
			isa = PBXGroup;
			children = (
				7E0DD5672C918926C8288AF5 /* Pods-Coppa-PlaywireSDKAppsObjC_COPPA.debug.xcconfig */,
				8FE09A1C1B1BDD3A5F02C8F9 /* Pods-Coppa-PlaywireSDKAppsObjC_COPPA.release.xcconfig */,
				533C93756BE00F1BB3B70390 /* Pods-Coppa-PlaywireSDKAppsSwiftUI_COPPA.debug.xcconfig */,
				E5E946600009F7F61502DD99 /* Pods-Coppa-PlaywireSDKAppsSwiftUI_COPPA.release.xcconfig */,
				DDC40B91B5474BB5675E3D43 /* Pods-Coppa-PlaywireSDKAppsSwift_COPPA.debug.xcconfig */,
				5C5F44A2575500570BA7E88E /* Pods-Coppa-PlaywireSDKAppsSwift_COPPA.release.xcconfig */,
				FA0490B7306184FBAAD94648 /* Pods-Total-PlaywireSDKAppsObjC.debug.xcconfig */,
				C81B639098DF875E11F62E72 /* Pods-Total-PlaywireSDKAppsObjC.release.xcconfig */,
				D11F66E20ADBECE8562DBA25 /* Pods-Total-PlaywireSDKAppsSwift.debug.xcconfig */,
				ADCFB5C3BD20104826D474F9 /* Pods-Total-PlaywireSDKAppsSwift.release.xcconfig */,
				0952AFF0B11E055A91E6BBE0 /* Pods-Total-PlaywireSDKAppsSwiftUI.debug.xcconfig */,
				9B0F44D8652865AFA4A8C566 /* Pods-Total-PlaywireSDKAppsSwiftUI.release.xcconfig */,
				75A87318E3A62571721A3D4C /* Pods-Coppa-PlaywireObjC_Coppa.debug.xcconfig */,
				ADB24CA55C496ABBFF695EB3 /* Pods-Coppa-PlaywireObjC_Coppa.release.xcconfig */,
				278C4F17B5DB0F32415308F3 /* Pods-Coppa-PlaywireSwiftUI_Coppa.debug.xcconfig */,
				65CDCB2AB17138C6A90F530B /* Pods-Coppa-PlaywireSwiftUI_Coppa.release.xcconfig */,
				B9A32C2582B023D16FBE0526 /* Pods-Coppa-PlaywireSwift_Coppa.debug.xcconfig */,
				0D19A4744B47E68BF71C1818 /* Pods-Coppa-PlaywireSwift_Coppa.release.xcconfig */,
				2A73C866CC3EC7B4EAF00E13 /* Pods-Total-PlaywireObjC.debug.xcconfig */,
				7ED5EB2B49A33EDA36E33F7D /* Pods-Total-PlaywireObjC.release.xcconfig */,
				05DCFEDE4969AB1C10E97ABE /* Pods-Total-PlaywireSwift.debug.xcconfig */,
				7B6E2B607C4FB699467DBBF7 /* Pods-Total-PlaywireSwift.release.xcconfig */,
				702E8E3E88783CFF07ADF4F3 /* Pods-Total-PlaywireSwiftUI.debug.xcconfig */,
				66121F51BF60158568760ED2 /* Pods-Total-PlaywireSwiftUI.release.xcconfig */,
				B14637BB05F8DFD165568CAA /* Pods-Playwire-PlaywireObjC.debug.xcconfig */,
				641BB2AB03BF93DC95E82E61 /* Pods-Playwire-PlaywireObjC.release.xcconfig */,
				3A1EF080FCCA20CBA8D8222E /* Pods-Playwire-PlaywireSwift.debug.xcconfig */,
				5312F6A4E654673B0C24DE94 /* Pods-Playwire-PlaywireSwift.release.xcconfig */,
				D95B72CFB0104DC436B09E1D /* Pods-Playwire-PlaywireSwiftUI.debug.xcconfig */,
				73CCB2E3FEEF93FBEF581F0F /* Pods-Playwire-PlaywireSwiftUI.release.xcconfig */,
			);
			path = Pods;
			sourceTree = "<group>";
		};
/* End PBXGroup section */

/* Begin PBXNativeTarget section */
		610E542C2E955BE900FD6653 /* PlaywireObjC */ = {
			isa = PBXNativeTarget;
			buildConfigurationList = 610E54442E955BEA00FD6653 /* Build configuration list for PBXNativeTarget "PlaywireObjC" */;
			buildPhases = (
				CB25FFA004DE5E3799360222 /* [CP] Check Pods Manifest.lock */,
				610E54292E955BE900FD6653 /* Sources */,
				610E542A2E955BE900FD6653 /* Frameworks */,
				610E542B2E955BE900FD6653 /* Resources */,
				0ADBCA9DA227301ABA82AFFA /* [CP] Embed Pods Frameworks */,
				07A9CE1210E9CB32EF45E14C /* [CP] Copy Pods Resources */,
			);
			buildRules = (
			);
			dependencies = (
			);
			fileSystemSynchronizedGroups = (
				610E542E2E955BE900FD6653 /* PlaywireObjC */,
				610E547A2E955C0D00FD6653 /* PlaywireSwift */,
			);
			name = PlaywireObjC;
			productName = PlaywireObjC;
			productReference = 610E542D2E955BE900FD6653 /* PlaywireObjC.app */;
			productType = "com.apple.product-type.application";
		};
		610E544A2E955C0200FD6653 /* PlaywireSwift */ = {
			isa = PBXNativeTarget;
			buildConfigurationList = 610E545D2E955C0300FD6653 /* Build configuration list for PBXNativeTarget "PlaywireSwift" */;
			buildPhases = (
				A10CE15242B39A0D2FBFB9C9 /* [CP] Check Pods Manifest.lock */,
				610E54472E955C0200FD6653 /* Sources */,
				610E54482E955C0200FD6653 /* Frameworks */,
				610E54492E955C0200FD6653 /* Resources */,
				A0CCF84DC5763257B5556DB4 /* [CP] Embed Pods Frameworks */,
				D5ABC8A44EED93BA8520FFB7 /* [CP] Copy Pods Resources */,
			);
			buildRules = (
			);
			dependencies = (
			);
			name = PlaywireSwift;
			productName = PlaywireSwift;
			productReference = 610E544B2E955C0200FD6653 /* PlaywireSwift.app */;
			productType = "com.apple.product-type.application";
		};
		610E54862E955C1F00FD6653 /* PlaywireSwiftUI */ = {
			isa = PBXNativeTarget;
			buildConfigurationList = 610E548F2E955C2000FD6653 /* Build configuration list for PBXNativeTarget "PlaywireSwiftUI" */;
			buildPhases = (
				EDBD8ED5106655DE2B64F436 /* [CP] Check Pods Manifest.lock */,
				610E54832E955C1F00FD6653 /* Sources */,
				610E54842E955C1F00FD6653 /* Frameworks */,
				610E54852E955C1F00FD6653 /* Resources */,
				E06DF1D2443372457AEBD85D /* [CP] Embed Pods Frameworks */,
				8B1E06353641B301311A9CB7 /* [CP] Copy Pods Resources */,
			);
			buildRules = (
			);
			dependencies = (
			);
			fileSystemSynchronizedGroups = (
				610E54882E955C1F00FD6653 /* PlaywireSwiftUI */,
			);
			name = PlaywireSwiftUI;
			productName = PlaywireSwiftUI;
			productReference = 610E54872E955C1F00FD6653 /* PlaywireSwiftUI.app */;
			productType = "com.apple.product-type.application";
		};
/* End PBXNativeTarget section */

/* Begin PBXProject section */
		212DA4312951EFF400B2FB4A /* Project object */ = {
			isa = PBXProject;
			attributes = {
				BuildIndependentTargetsInParallel = 1;
				LastSwiftUpdateCheck = 2600;
				LastUpgradeCheck = 2600;
				TargetAttributes = {
					610E542C2E955BE900FD6653 = {
						CreatedOnToolsVersion = 26.0.1;
					};
					610E544A2E955C0200FD6653 = {
						CreatedOnToolsVersion = 26.0.1;
					};
					610E54862E955C1F00FD6653 = {
						CreatedOnToolsVersion = 26.0.1;
					};
				};
			};
			buildConfigurationList = 212DA4342951EFF400B2FB4A /* Build configuration list for PBXProject "PlaywireSDKApps" */;
			developmentRegion = en;
			hasScannedForEncodings = 0;
			knownRegions = (
				en,
				Base,
			);
			mainGroup = 212DA4302951EFF300B2FB4A;
			preferredProjectObjectVersion = 77;
			productRefGroup = 212DA43A2951EFF400B2FB4A /* Products */;
			projectDirPath = "";
			projectRoot = "";
			targets = (
				610E542C2E955BE900FD6653 /* PlaywireObjC */,
				610E544A2E955C0200FD6653 /* PlaywireSwift */,
				610E54862E955C1F00FD6653 /* PlaywireSwiftUI */,
			);
		};
/* End PBXProject section */

/* Begin PBXResourcesBuildPhase section */
		610E542B2E955BE900FD6653 /* Resources */ = {
			isa = PBXResourcesBuildPhase;
			buildActionMask = 2147483647;
			files = (
			);
			runOnlyForDeploymentPostprocessing = 0;
		};
		610E54492E955C0200FD6653 /* Resources */ = {
			isa = PBXResourcesBuildPhase;
			buildActionMask = 2147483647;
			files = (
			);
			runOnlyForDeploymentPostprocessing = 0;
		};
		610E54852E955C1F00FD6653 /* Resources */ = {
			isa = PBXResourcesBuildPhase;
			buildActionMask = 2147483647;
			files = (
			);
			runOnlyForDeploymentPostprocessing = 0;
		};
/* End PBXResourcesBuildPhase section */

/* Begin PBXShellScriptBuildPhase section */
		07A9CE1210E9CB32EF45E14C /* [CP] Copy Pods Resources */ = {
			isa = PBXShellScriptBuildPhase;
			buildActionMask = 2147483647;
			files = (
			);
			inputFileListPaths = (
				"${PODS_ROOT}/Target Support Files/Pods-Playwire-PlaywireObjC/Pods-Playwire-PlaywireObjC-resources-${CONFIGURATION}-input-files.xcfilelist",
			);
			inputPaths = (
			);
			name = "[CP] Copy Pods Resources";
			outputFileListPaths = (
				"${PODS_ROOT}/Target Support Files/Pods-Playwire-PlaywireObjC/Pods-Playwire-PlaywireObjC-resources-${CONFIGURATION}-output-files.xcfilelist",
			);
			outputPaths = (
			);
			runOnlyForDeploymentPostprocessing = 0;
			shellPath = /bin/sh;
			shellScript = "\"${PODS_ROOT}/Target Support Files/Pods-Playwire-PlaywireObjC/Pods-Playwire-PlaywireObjC-resources.sh\"\n";
			showEnvVarsInLog = 0;
		};
		0ADBCA9DA227301ABA82AFFA /* [CP] Embed Pods Frameworks */ = {
			isa = PBXShellScriptBuildPhase;
			buildActionMask = 2147483647;
			files = (
			);
			inputFileListPaths = (
				"${PODS_ROOT}/Target Support Files/Pods-Playwire-PlaywireObjC/Pods-Playwire-PlaywireObjC-frameworks-${CONFIGURATION}-input-files.xcfilelist",
			);
			inputPaths = (
			);
			name = "[CP] Embed Pods Frameworks";
			outputFileListPaths = (
				"${PODS_ROOT}/Target Support Files/Pods-Playwire-PlaywireObjC/Pods-Playwire-PlaywireObjC-frameworks-${CONFIGURATION}-output-files.xcfilelist",
			);
			outputPaths = (
			);
			runOnlyForDeploymentPostprocessing = 0;
			shellPath = /bin/sh;
			shellScript = "\"${PODS_ROOT}/Target Support Files/Pods-Playwire-PlaywireObjC/Pods-Playwire-PlaywireObjC-frameworks.sh\"\n";
			showEnvVarsInLog = 0;
		};
		8B1E06353641B301311A9CB7 /* [CP] Copy Pods Resources */ = {
			isa = PBXShellScriptBuildPhase;
			buildActionMask = 2147483647;
			files = (
			);
			inputFileListPaths = (
				"${PODS_ROOT}/Target Support Files/Pods-Playwire-PlaywireSwiftUI/Pods-Playwire-PlaywireSwiftUI-resources-${CONFIGURATION}-input-files.xcfilelist",
			);
			inputPaths = (
			);
			name = "[CP] Copy Pods Resources";
			outputFileListPaths = (
				"${PODS_ROOT}/Target Support Files/Pods-Playwire-PlaywireSwiftUI/Pods-Playwire-PlaywireSwiftUI-resources-${CONFIGURATION}-output-files.xcfilelist",
			);
			outputPaths = (
			);
			runOnlyForDeploymentPostprocessing = 0;
			shellPath = /bin/sh;
			shellScript = "\"${PODS_ROOT}/Target Support Files/Pods-Playwire-PlaywireSwiftUI/Pods-Playwire-PlaywireSwiftUI-resources.sh\"\n";
			showEnvVarsInLog = 0;
		};
		A0CCF84DC5763257B5556DB4 /* [CP] Embed Pods Frameworks */ = {
			isa = PBXShellScriptBuildPhase;
			buildActionMask = 2147483647;
			files = (
			);
			inputFileListPaths = (
				"${PODS_ROOT}/Target Support Files/Pods-Playwire-PlaywireSwift/Pods-Playwire-PlaywireSwift-frameworks-${CONFIGURATION}-input-files.xcfilelist",
			);
			inputPaths = (
			);
			name = "[CP] Embed Pods Frameworks";
			outputFileListPaths = (
				"${PODS_ROOT}/Target Support Files/Pods-Playwire-PlaywireSwift/Pods-Playwire-PlaywireSwift-frameworks-${CONFIGURATION}-output-files.xcfilelist",
			);
			outputPaths = (
			);
			runOnlyForDeploymentPostprocessing = 0;
			shellPath = /bin/sh;
			shellScript = "\"${PODS_ROOT}/Target Support Files/Pods-Playwire-PlaywireSwift/Pods-Playwire-PlaywireSwift-frameworks.sh\"\n";
			showEnvVarsInLog = 0;
		};
		A10CE15242B39A0D2FBFB9C9 /* [CP] Check Pods Manifest.lock */ = {
			isa = PBXShellScriptBuildPhase;
			buildActionMask = 2147483647;
			files = (
			);
			inputFileListPaths = (
			);
			inputPaths = (
				"${PODS_PODFILE_DIR_PATH}/Podfile.lock",
				"${PODS_ROOT}/Manifest.lock",
			);
			name = "[CP] Check Pods Manifest.lock";
			outputFileListPaths = (
			);
			outputPaths = (
				"$(DERIVED_FILE_DIR)/Pods-Playwire-PlaywireSwift-checkManifestLockResult.txt",
			);
			runOnlyForDeploymentPostprocessing = 0;
			shellPath = /bin/sh;
			shellScript = "diff \"${PODS_PODFILE_DIR_PATH}/Podfile.lock\" \"${PODS_ROOT}/Manifest.lock\" > /dev/null\nif [ $? != 0 ] ; then\n    # print error to STDERR\n    echo \"error: The sandbox is not in sync with the Podfile.lock. Run 'pod install' or update your CocoaPods installation.\" >&2\n    exit 1\nfi\n# This output is used by Xcode 'outputs' to avoid re-running this script phase.\necho \"SUCCESS\" > \"${SCRIPT_OUTPUT_FILE_0}\"\n";
			showEnvVarsInLog = 0;
		};
		CB25FFA004DE5E3799360222 /* [CP] Check Pods Manifest.lock */ = {
			isa = PBXShellScriptBuildPhase;
			buildActionMask = 2147483647;
			files = (
			);
			inputFileListPaths = (
			);
			inputPaths = (
				"${PODS_PODFILE_DIR_PATH}/Podfile.lock",
				"${PODS_ROOT}/Manifest.lock",
			);
			name = "[CP] Check Pods Manifest.lock";
			outputFileListPaths = (
			);
			outputPaths = (
				"$(DERIVED_FILE_DIR)/Pods-Playwire-PlaywireObjC-checkManifestLockResult.txt",
			);
			runOnlyForDeploymentPostprocessing = 0;
			shellPath = /bin/sh;
			shellScript = "diff \"${PODS_PODFILE_DIR_PATH}/Podfile.lock\" \"${PODS_ROOT}/Manifest.lock\" > /dev/null\nif [ $? != 0 ] ; then\n    # print error to STDERR\n    echo \"error: The sandbox is not in sync with the Podfile.lock. Run 'pod install' or update your CocoaPods installation.\" >&2\n    exit 1\nfi\n# This output is used by Xcode 'outputs' to avoid re-running this script phase.\necho \"SUCCESS\" > \"${SCRIPT_OUTPUT_FILE_0}\"\n";
			showEnvVarsInLog = 0;
		};
		D5ABC8A44EED93BA8520FFB7 /* [CP] Copy Pods Resources */ = {
			isa = PBXShellScriptBuildPhase;
			buildActionMask = 2147483647;
			files = (
			);
			inputFileListPaths = (
				"${PODS_ROOT}/Target Support Files/Pods-Playwire-PlaywireSwift/Pods-Playwire-PlaywireSwift-resources-${CONFIGURATION}-input-files.xcfilelist",
			);
			inputPaths = (
			);
			name = "[CP] Copy Pods Resources";
			outputFileListPaths = (
				"${PODS_ROOT}/Target Support Files/Pods-Playwire-PlaywireSwift/Pods-Playwire-PlaywireSwift-resources-${CONFIGURATION}-output-files.xcfilelist",
			);
			outputPaths = (
			);
			runOnlyForDeploymentPostprocessing = 0;
			shellPath = /bin/sh;
			shellScript = "\"${PODS_ROOT}/Target Support Files/Pods-Playwire-PlaywireSwift/Pods-Playwire-PlaywireSwift-resources.sh\"\n";
			showEnvVarsInLog = 0;
		};
		E06DF1D2443372457AEBD85D /* [CP] Embed Pods Frameworks */ = {
			isa = PBXShellScriptBuildPhase;
			buildActionMask = 2147483647;
			files = (
			);
			inputFileListPaths = (
				"${PODS_ROOT}/Target Support Files/Pods-Playwire-PlaywireSwiftUI/Pods-Playwire-PlaywireSwiftUI-frameworks-${CONFIGURATION}-input-files.xcfilelist",
			);
			inputPaths = (
			);
			name = "[CP] Embed Pods Frameworks";
			outputFileListPaths = (
				"${PODS_ROOT}/Target Support Files/Pods-Playwire-PlaywireSwiftUI/Pods-Playwire-PlaywireSwiftUI-frameworks-${CONFIGURATION}-output-files.xcfilelist",
			);
			outputPaths = (
			);
			runOnlyForDeploymentPostprocessing = 0;
			shellPath = /bin/sh;
			shellScript = "\"${PODS_ROOT}/Target Support Files/Pods-Playwire-PlaywireSwiftUI/Pods-Playwire-PlaywireSwiftUI-frameworks.sh\"\n";
			showEnvVarsInLog = 0;
		};
		EDBD8ED5106655DE2B64F436 /* [CP] Check Pods Manifest.lock */ = {
			isa = PBXShellScriptBuildPhase;
			buildActionMask = 2147483647;
			files = (
			);
			inputFileListPaths = (
			);
			inputPaths = (
				"${PODS_PODFILE_DIR_PATH}/Podfile.lock",
				"${PODS_ROOT}/Manifest.lock",
			);
			name = "[CP] Check Pods Manifest.lock";
			outputFileListPaths = (
			);
			outputPaths = (
				"$(DERIVED_FILE_DIR)/Pods-Playwire-PlaywireSwiftUI-checkManifestLockResult.txt",
			);
			runOnlyForDeploymentPostprocessing = 0;
			shellPath = /bin/sh;
			shellScript = "diff \"${PODS_PODFILE_DIR_PATH}/Podfile.lock\" \"${PODS_ROOT}/Manifest.lock\" > /dev/null\nif [ $? != 0 ] ; then\n    # print error to STDERR\n    echo \"error: The sandbox is not in sync with the Podfile.lock. Run 'pod install' or update your CocoaPods installation.\" >&2\n    exit 1\nfi\n# This output is used by Xcode 'outputs' to avoid re-running this script phase.\necho \"SUCCESS\" > \"${SCRIPT_OUTPUT_FILE_0}\"\n";
			showEnvVarsInLog = 0;
		};
/* End PBXShellScriptBuildPhase section */

/* Begin PBXSourcesBuildPhase section */
		610E54292E955BE900FD6653 /* Sources */ = {
			isa = PBXSourcesBuildPhase;
			buildActionMask = 2147483647;
			files = (
			);
			runOnlyForDeploymentPostprocessing = 0;
		};
		610E54472E955C0200FD6653 /* Sources */ = {
			isa = PBXSourcesBuildPhase;
			buildActionMask = 2147483647;
			files = (
			);
			runOnlyForDeploymentPostprocessing = 0;
		};
		610E54832E955C1F00FD6653 /* Sources */ = {
			isa = PBXSourcesBuildPhase;
			buildActionMask = 2147483647;
			files = (
			);
			runOnlyForDeploymentPostprocessing = 0;
		};
/* End PBXSourcesBuildPhase section */

/* Begin XCBuildConfiguration section */
		212DA44B2951EFFC00B2FB4A /* Debug */ = {
			isa = XCBuildConfiguration;
			buildSettings = {
				ALWAYS_SEARCH_USER_PATHS = NO;
				ASSETCATALOG_COMPILER_GENERATE_SWIFT_ASSET_SYMBOL_EXTENSIONS = YES;
				CLANG_ANALYZER_NONNULL = YES;
				CLANG_ANALYZER_NUMBER_OBJECT_CONVERSION = YES_AGGRESSIVE;
				CLANG_CXX_LANGUAGE_STANDARD = "gnu++20";
				CLANG_ENABLE_MODULES = YES;
				CLANG_ENABLE_OBJC_ARC = YES;
				CLANG_ENABLE_OBJC_WEAK = YES;
				CLANG_WARN_BLOCK_CAPTURE_AUTORELEASING = YES;
				CLANG_WARN_BOOL_CONVERSION = YES;
				CLANG_WARN_COMMA = YES;
				CLANG_WARN_CONSTANT_CONVERSION = YES;
				CLANG_WARN_DEPRECATED_OBJC_IMPLEMENTATIONS = YES;
				CLANG_WARN_DIRECT_OBJC_ISA_USAGE = YES_ERROR;
				CLANG_WARN_DOCUMENTATION_COMMENTS = YES;
				CLANG_WARN_EMPTY_BODY = YES;
				CLANG_WARN_ENUM_CONVERSION = YES;
				CLANG_WARN_INFINITE_RECURSION = YES;
				CLANG_WARN_INT_CONVERSION = YES;
				CLANG_WARN_NON_LITERAL_NULL_CONVERSION = YES;
				CLANG_WARN_OBJC_IMPLICIT_RETAIN_SELF = YES;
				CLANG_WARN_OBJC_LITERAL_CONVERSION = YES;
				CLANG_WARN_OBJC_ROOT_CLASS = YES_ERROR;
				CLANG_WARN_QUOTED_INCLUDE_IN_FRAMEWORK_HEADER = YES;
				CLANG_WARN_RANGE_LOOP_ANALYSIS = YES;
				CLANG_WARN_STRICT_PROTOTYPES = YES;
				CLANG_WARN_SUSPICIOUS_MOVE = YES;
				CLANG_WARN_UNGUARDED_AVAILABILITY = YES_AGGRESSIVE;
				CLANG_WARN_UNREACHABLE_CODE = YES;
				CLANG_WARN__DUPLICATE_METHOD_MATCH = YES;
				COPY_PHASE_STRIP = NO;
				DEBUG_INFORMATION_FORMAT = dwarf;
				ENABLE_STRICT_OBJC_MSGSEND = YES;
				ENABLE_TESTABILITY = YES;
				ENABLE_USER_SCRIPT_SANDBOXING = YES;
				GCC_C_LANGUAGE_STANDARD = gnu11;
				GCC_DYNAMIC_NO_PIC = NO;
				GCC_NO_COMMON_BLOCKS = YES;
				GCC_OPTIMIZATION_LEVEL = 0;
				GCC_PREPROCESSOR_DEFINITIONS = (
					"DEBUG=1",
					"$(inherited)",
				);
				GCC_WARN_64_TO_32_BIT_CONVERSION = YES;
				GCC_WARN_ABOUT_RETURN_TYPE = YES_ERROR;
				GCC_WARN_UNDECLARED_SELECTOR = YES;
				GCC_WARN_UNINITIALIZED_AUTOS = YES_AGGRESSIVE;
				GCC_WARN_UNUSED_FUNCTION = YES;
				GCC_WARN_UNUSED_VARIABLE = YES;
				IPHONEOS_DEPLOYMENT_TARGET = 13.0;
				MTL_ENABLE_DEBUG_INFO = INCLUDE_SOURCE;
				MTL_FAST_MATH = YES;
				ONLY_ACTIVE_ARCH = YES;
				SDKROOT = iphoneos;
				STRING_CATALOG_GENERATE_SYMBOLS = YES;
				SWIFT_ACTIVE_COMPILATION_CONDITIONS = DEBUG;
				SWIFT_OPTIMIZATION_LEVEL = "-Onone";
			};
			name = Debug;
		};
		212DA44C2951EFFC00B2FB4A /* Release */ = {
			isa = XCBuildConfiguration;
			buildSettings = {
				ALWAYS_SEARCH_USER_PATHS = NO;
				ASSETCATALOG_COMPILER_GENERATE_SWIFT_ASSET_SYMBOL_EXTENSIONS = YES;
				CLANG_ANALYZER_NONNULL = YES;
				CLANG_ANALYZER_NUMBER_OBJECT_CONVERSION = YES_AGGRESSIVE;
				CLANG_CXX_LANGUAGE_STANDARD = "gnu++20";
				CLANG_ENABLE_MODULES = YES;
				CLANG_ENABLE_OBJC_ARC = YES;
				CLANG_ENABLE_OBJC_WEAK = YES;
				CLANG_WARN_BLOCK_CAPTURE_AUTORELEASING = YES;
				CLANG_WARN_BOOL_CONVERSION = YES;
				CLANG_WARN_COMMA = YES;
				CLANG_WARN_CONSTANT_CONVERSION = YES;
				CLANG_WARN_DEPRECATED_OBJC_IMPLEMENTATIONS = YES;
				CLANG_WARN_DIRECT_OBJC_ISA_USAGE = YES_ERROR;
				CLANG_WARN_DOCUMENTATION_COMMENTS = YES;
				CLANG_WARN_EMPTY_BODY = YES;
				CLANG_WARN_ENUM_CONVERSION = YES;
				CLANG_WARN_INFINITE_RECURSION = YES;
				CLANG_WARN_INT_CONVERSION = YES;
				CLANG_WARN_NON_LITERAL_NULL_CONVERSION = YES;
				CLANG_WARN_OBJC_IMPLICIT_RETAIN_SELF = YES;
				CLANG_WARN_OBJC_LITERAL_CONVERSION = YES;
				CLANG_WARN_OBJC_ROOT_CLASS = YES_ERROR;
				CLANG_WARN_QUOTED_INCLUDE_IN_FRAMEWORK_HEADER = YES;
				CLANG_WARN_RANGE_LOOP_ANALYSIS = YES;
				CLANG_WARN_STRICT_PROTOTYPES = YES;
				CLANG_WARN_SUSPICIOUS_MOVE = YES;
				CLANG_WARN_UNGUARDED_AVAILABILITY = YES_AGGRESSIVE;
				CLANG_WARN_UNREACHABLE_CODE = YES;
				CLANG_WARN__DUPLICATE_METHOD_MATCH = YES;
				COPY_PHASE_STRIP = NO;
				DEBUG_INFORMATION_FORMAT = "dwarf-with-dsym";
				ENABLE_NS_ASSERTIONS = NO;
				ENABLE_STRICT_OBJC_MSGSEND = YES;
				ENABLE_USER_SCRIPT_SANDBOXING = YES;
				GCC_C_LANGUAGE_STANDARD = gnu11;
				GCC_NO_COMMON_BLOCKS = YES;
				GCC_WARN_64_TO_32_BIT_CONVERSION = YES;
				GCC_WARN_ABOUT_RETURN_TYPE = YES_ERROR;
				GCC_WARN_UNDECLARED_SELECTOR = YES;
				GCC_WARN_UNINITIALIZED_AUTOS = YES_AGGRESSIVE;
				GCC_WARN_UNUSED_FUNCTION = YES;
				GCC_WARN_UNUSED_VARIABLE = YES;
				IPHONEOS_DEPLOYMENT_TARGET = 13.0;
				MTL_ENABLE_DEBUG_INFO = NO;
				MTL_FAST_MATH = YES;
				SDKROOT = iphoneos;
				STRING_CATALOG_GENERATE_SYMBOLS = YES;
				SWIFT_COMPILATION_MODE = wholemodule;
				SWIFT_OPTIMIZATION_LEVEL = "-O";
				VALIDATE_PRODUCT = YES;
			};
			name = Release;
		};
		610E54452E955BEA00FD6653 /* Debug */ = {
			isa = XCBuildConfiguration;
			baseConfigurationReference = B14637BB05F8DFD165568CAA /* Pods-Playwire-PlaywireObjC.debug.xcconfig */;
			buildSettings = {
				ASSETCATALOG_COMPILER_APPICON_NAME = AppIcon;
				ASSETCATALOG_COMPILER_GENERATE_SWIFT_ASSET_SYMBOL_EXTENSIONS = YES;
				ASSETCATALOG_COMPILER_GLOBAL_ACCENT_COLOR_NAME = AccentColor;
				CODE_SIGN_STYLE = Automatic;
				CURRENT_PROJECT_VERSION = 1;
				ENABLE_USER_SCRIPT_SANDBOXING = NO;
				GCC_C_LANGUAGE_STANDARD = gnu17;
				GENERATE_INFOPLIST_FILE = YES;
				INFOPLIST_FILE = PlaywireObjC/Info.plist;
				INFOPLIST_KEY_NSUserTrackingUsageDescription = "This identifier will be used to deliver personalized ads to you.";
				INFOPLIST_KEY_UIApplicationSupportsIndirectInputEvents = YES;
				INFOPLIST_KEY_UILaunchStoryboardName = LaunchScreen;
				INFOPLIST_KEY_UISupportedInterfaceOrientations_iPad = "UIInterfaceOrientationPortrait UIInterfaceOrientationPortraitUpsideDown UIInterfaceOrientationLandscapeLeft UIInterfaceOrientationLandscapeRight";
				INFOPLIST_KEY_UISupportedInterfaceOrientations_iPhone = "UIInterfaceOrientationPortrait UIInterfaceOrientationLandscapeLeft UIInterfaceOrientationLandscapeRight";
				IPHONEOS_DEPLOYMENT_TARGET = 26.0;
				LD_RUNPATH_SEARCH_PATHS = (
					"$(inherited)",
					"@executable_path/Frameworks",
				);
				LOCALIZATION_PREFERS_STRING_CATALOGS = YES;
				MARKETING_VERSION = 1.0;
				PRODUCT_BUNDLE_IDENTIFIER = com.intergi.PlaywireObjC;
				PRODUCT_NAME = "$(TARGET_NAME)";
				STRING_CATALOG_GENERATE_SYMBOLS = YES;
				SWIFT_APPROACHABLE_CONCURRENCY = YES;
				SWIFT_DEFAULT_ACTOR_ISOLATION = MainActor;
				SWIFT_EMIT_LOC_STRINGS = YES;
				TARGETED_DEVICE_FAMILY = "1,2";
			};
			name = Debug;
		};
		610E54462E955BEA00FD6653 /* Release */ = {
			isa = XCBuildConfiguration;
			baseConfigurationReference = 641BB2AB03BF93DC95E82E61 /* Pods-Playwire-PlaywireObjC.release.xcconfig */;
			buildSettings = {
				ASSETCATALOG_COMPILER_APPICON_NAME = AppIcon;
				ASSETCATALOG_COMPILER_GENERATE_SWIFT_ASSET_SYMBOL_EXTENSIONS = YES;
				ASSETCATALOG_COMPILER_GLOBAL_ACCENT_COLOR_NAME = AccentColor;
				CODE_SIGN_STYLE = Automatic;
				CURRENT_PROJECT_VERSION = 1;
				ENABLE_USER_SCRIPT_SANDBOXING = NO;
				GCC_C_LANGUAGE_STANDARD = gnu17;
				GENERATE_INFOPLIST_FILE = YES;
				INFOPLIST_FILE = PlaywireObjC/Info.plist;
				INFOPLIST_KEY_NSUserTrackingUsageDescription = "This identifier will be used to deliver personalized ads to you.";
				INFOPLIST_KEY_UIApplicationSupportsIndirectInputEvents = YES;
				INFOPLIST_KEY_UILaunchStoryboardName = LaunchScreen;
				INFOPLIST_KEY_UISupportedInterfaceOrientations_iPad = "UIInterfaceOrientationPortrait UIInterfaceOrientationPortraitUpsideDown UIInterfaceOrientationLandscapeLeft UIInterfaceOrientationLandscapeRight";
				INFOPLIST_KEY_UISupportedInterfaceOrientations_iPhone = "UIInterfaceOrientationPortrait UIInterfaceOrientationLandscapeLeft UIInterfaceOrientationLandscapeRight";
				IPHONEOS_DEPLOYMENT_TARGET = 26.0;
				LD_RUNPATH_SEARCH_PATHS = (
					"$(inherited)",
					"@executable_path/Frameworks",
				);
				LOCALIZATION_PREFERS_STRING_CATALOGS = YES;
				MARKETING_VERSION = 1.0;
				PRODUCT_BUNDLE_IDENTIFIER = com.intergi.PlaywireObjC;
				PRODUCT_NAME = "$(TARGET_NAME)";
				STRING_CATALOG_GENERATE_SYMBOLS = YES;
				SWIFT_APPROACHABLE_CONCURRENCY = YES;
				SWIFT_DEFAULT_ACTOR_ISOLATION = MainActor;
				SWIFT_EMIT_LOC_STRINGS = YES;
				TARGETED_DEVICE_FAMILY = "1,2";
			};
			name = Release;
		};
		610E545E2E955C0300FD6653 /* Debug */ = {
			isa = XCBuildConfiguration;
			baseConfigurationReference = 3A1EF080FCCA20CBA8D8222E /* Pods-Playwire-PlaywireSwift.debug.xcconfig */;
			buildSettings = {
				ASSETCATALOG_COMPILER_APPICON_NAME = AppIcon;
				ASSETCATALOG_COMPILER_GENERATE_SWIFT_ASSET_SYMBOL_EXTENSIONS = YES;
				ASSETCATALOG_COMPILER_GLOBAL_ACCENT_COLOR_NAME = AccentColor;
				CODE_SIGN_STYLE = Automatic;
				CURRENT_PROJECT_VERSION = 1;
				GCC_C_LANGUAGE_STANDARD = gnu17;
				GENERATE_INFOPLIST_FILE = YES;
				INFOPLIST_FILE = PlaywireSwift/Info.plist;
				INFOPLIST_KEY_UIApplicationSupportsIndirectInputEvents = YES;
				INFOPLIST_KEY_UILaunchStoryboardName = LaunchScreen;
				INFOPLIST_KEY_UISupportedInterfaceOrientations_iPad = "UIInterfaceOrientationPortrait UIInterfaceOrientationPortraitUpsideDown UIInterfaceOrientationLandscapeLeft UIInterfaceOrientationLandscapeRight";
				INFOPLIST_KEY_UISupportedInterfaceOrientations_iPhone = "UIInterfaceOrientationPortrait UIInterfaceOrientationLandscapeLeft UIInterfaceOrientationLandscapeRight";
				IPHONEOS_DEPLOYMENT_TARGET = 26.0;
				LD_RUNPATH_SEARCH_PATHS = (
					"$(inherited)",
					"@executable_path/Frameworks",
				);
				LOCALIZATION_PREFERS_STRING_CATALOGS = YES;
				MARKETING_VERSION = 1.0;
				PRODUCT_BUNDLE_IDENTIFIER = com.intergi.PlaywireSwift;
				PRODUCT_NAME = "$(TARGET_NAME)";
				STRING_CATALOG_GENERATE_SYMBOLS = YES;
				SWIFT_ACTIVE_COMPILATION_CONDITIONS = "DEBUG $(inherited)";
				SWIFT_APPROACHABLE_CONCURRENCY = YES;
				SWIFT_DEFAULT_ACTOR_ISOLATION = MainActor;
				SWIFT_EMIT_LOC_STRINGS = YES;
				SWIFT_UPCOMING_FEATURE_MEMBER_IMPORT_VISIBILITY = YES;
				SWIFT_VERSION = 5.0;
				TARGETED_DEVICE_FAMILY = "1,2";
			};
			name = Debug;
		};
		610E545F2E955C0300FD6653 /* Release */ = {
			isa = XCBuildConfiguration;
			baseConfigurationReference = 5312F6A4E654673B0C24DE94 /* Pods-Playwire-PlaywireSwift.release.xcconfig */;
			buildSettings = {
				ASSETCATALOG_COMPILER_APPICON_NAME = AppIcon;
				ASSETCATALOG_COMPILER_GENERATE_SWIFT_ASSET_SYMBOL_EXTENSIONS = YES;
				ASSETCATALOG_COMPILER_GLOBAL_ACCENT_COLOR_NAME = AccentColor;
				CODE_SIGN_STYLE = Automatic;
				CURRENT_PROJECT_VERSION = 1;
				GCC_C_LANGUAGE_STANDARD = gnu17;
				GENERATE_INFOPLIST_FILE = YES;
				INFOPLIST_FILE = PlaywireSwift/Info.plist;
				INFOPLIST_KEY_UIApplicationSupportsIndirectInputEvents = YES;
				INFOPLIST_KEY_UILaunchStoryboardName = LaunchScreen;
				INFOPLIST_KEY_UISupportedInterfaceOrientations_iPad = "UIInterfaceOrientationPortrait UIInterfaceOrientationPortraitUpsideDown UIInterfaceOrientationLandscapeLeft UIInterfaceOrientationLandscapeRight";
				INFOPLIST_KEY_UISupportedInterfaceOrientations_iPhone = "UIInterfaceOrientationPortrait UIInterfaceOrientationLandscapeLeft UIInterfaceOrientationLandscapeRight";
				IPHONEOS_DEPLOYMENT_TARGET = 26.0;
				LD_RUNPATH_SEARCH_PATHS = (
					"$(inherited)",
					"@executable_path/Frameworks",
				);
				LOCALIZATION_PREFERS_STRING_CATALOGS = YES;
				MARKETING_VERSION = 1.0;
				PRODUCT_BUNDLE_IDENTIFIER = com.intergi.PlaywireSwift;
				PRODUCT_NAME = "$(TARGET_NAME)";
				STRING_CATALOG_GENERATE_SYMBOLS = YES;
				SWIFT_APPROACHABLE_CONCURRENCY = YES;
				SWIFT_DEFAULT_ACTOR_ISOLATION = MainActor;
				SWIFT_EMIT_LOC_STRINGS = YES;
				SWIFT_UPCOMING_FEATURE_MEMBER_IMPORT_VISIBILITY = YES;
				SWIFT_VERSION = 5.0;
				TARGETED_DEVICE_FAMILY = "1,2";
			};
			name = Release;
		};
		610E54902E955C2000FD6653 /* Debug */ = {
			isa = XCBuildConfiguration;
			baseConfigurationReference = D95B72CFB0104DC436B09E1D /* Pods-Playwire-PlaywireSwiftUI.debug.xcconfig */;
			buildSettings = {
				ASSETCATALOG_COMPILER_APPICON_NAME = AppIcon;
				ASSETCATALOG_COMPILER_GENERATE_SWIFT_ASSET_SYMBOL_EXTENSIONS = YES;
				ASSETCATALOG_COMPILER_GLOBAL_ACCENT_COLOR_NAME = AccentColor;
				CODE_SIGN_STYLE = Automatic;
				CURRENT_PROJECT_VERSION = 1;
				ENABLE_PREVIEWS = YES;
				GCC_C_LANGUAGE_STANDARD = gnu17;
				GENERATE_INFOPLIST_FILE = YES;
				INFOPLIST_FILE = PlaywireSwiftUI/Info.plist;
				INFOPLIST_KEY_UIApplicationSceneManifest_Generation = YES;
				INFOPLIST_KEY_UIApplicationSupportsIndirectInputEvents = YES;
				INFOPLIST_KEY_UILaunchScreen_Generation = YES;
				INFOPLIST_KEY_UISupportedInterfaceOrientations_iPad = "UIInterfaceOrientationPortrait UIInterfaceOrientationPortraitUpsideDown UIInterfaceOrientationLandscapeLeft UIInterfaceOrientationLandscapeRight";
				INFOPLIST_KEY_UISupportedInterfaceOrientations_iPhone = "UIInterfaceOrientationPortrait UIInterfaceOrientationLandscapeLeft UIInterfaceOrientationLandscapeRight";
				IPHONEOS_DEPLOYMENT_TARGET = 26.0;
				LD_RUNPATH_SEARCH_PATHS = (
					"$(inherited)",
					"@executable_path/Frameworks",
				);
				LOCALIZATION_PREFERS_STRING_CATALOGS = YES;
				MARKETING_VERSION = 1.0;
				PRODUCT_BUNDLE_IDENTIFIER = com.intergi.PlaywireSwiftUI;
				PRODUCT_NAME = "$(TARGET_NAME)";
				STRING_CATALOG_GENERATE_SYMBOLS = YES;
				SWIFT_ACTIVE_COMPILATION_CONDITIONS = "DEBUG $(inherited)";
				SWIFT_APPROACHABLE_CONCURRENCY = YES;
				SWIFT_DEFAULT_ACTOR_ISOLATION = MainActor;
				SWIFT_EMIT_LOC_STRINGS = YES;
				SWIFT_UPCOMING_FEATURE_MEMBER_IMPORT_VISIBILITY = YES;
				SWIFT_VERSION = 5.0;
				TARGETED_DEVICE_FAMILY = "1,2";
			};
			name = Debug;
		};
		610E54912E955C2000FD6653 /* Release */ = {
			isa = XCBuildConfiguration;
			baseConfigurationReference = 73CCB2E3FEEF93FBEF581F0F /* Pods-Playwire-PlaywireSwiftUI.release.xcconfig */;
			buildSettings = {
				ASSETCATALOG_COMPILER_APPICON_NAME = AppIcon;
				ASSETCATALOG_COMPILER_GENERATE_SWIFT_ASSET_SYMBOL_EXTENSIONS = YES;
				ASSETCATALOG_COMPILER_GLOBAL_ACCENT_COLOR_NAME = AccentColor;
				CODE_SIGN_STYLE = Automatic;
				CURRENT_PROJECT_VERSION = 1;
				ENABLE_PREVIEWS = YES;
				GCC_C_LANGUAGE_STANDARD = gnu17;
				GENERATE_INFOPLIST_FILE = YES;
				INFOPLIST_FILE = PlaywireSwiftUI/Info.plist;
				INFOPLIST_KEY_UIApplicationSceneManifest_Generation = YES;
				INFOPLIST_KEY_UIApplicationSupportsIndirectInputEvents = YES;
				INFOPLIST_KEY_UILaunchScreen_Generation = YES;
				INFOPLIST_KEY_UISupportedInterfaceOrientations_iPad = "UIInterfaceOrientationPortrait UIInterfaceOrientationPortraitUpsideDown UIInterfaceOrientationLandscapeLeft UIInterfaceOrientationLandscapeRight";
				INFOPLIST_KEY_UISupportedInterfaceOrientations_iPhone = "UIInterfaceOrientationPortrait UIInterfaceOrientationLandscapeLeft UIInterfaceOrientationLandscapeRight";
				IPHONEOS_DEPLOYMENT_TARGET = 26.0;
				LD_RUNPATH_SEARCH_PATHS = (
					"$(inherited)",
					"@executable_path/Frameworks",
				);
				LOCALIZATION_PREFERS_STRING_CATALOGS = YES;
				MARKETING_VERSION = 1.0;
				PRODUCT_BUNDLE_IDENTIFIER = com.intergi.PlaywireSwiftUI;
				PRODUCT_NAME = "$(TARGET_NAME)";
				STRING_CATALOG_GENERATE_SYMBOLS = YES;
				SWIFT_APPROACHABLE_CONCURRENCY = YES;
				SWIFT_DEFAULT_ACTOR_ISOLATION = MainActor;
				SWIFT_EMIT_LOC_STRINGS = YES;
				SWIFT_UPCOMING_FEATURE_MEMBER_IMPORT_VISIBILITY = YES;
				SWIFT_VERSION = 5.0;
				TARGETED_DEVICE_FAMILY = "1,2";
			};
			name = Release;
		};
/* End XCBuildConfiguration section */

/* Begin XCConfigurationList section */
		212DA4342951EFF400B2FB4A /* Build configuration list for PBXProject "PlaywireSDKApps" */ = {
			isa = XCConfigurationList;
			buildConfigurations = (
				212DA44B2951EFFC00B2FB4A /* Debug */,
				212DA44C2951EFFC00B2FB4A /* Release */,
			);
			defaultConfigurationIsVisible = 0;
			defaultConfigurationName = Release;
		};
		610E54442E955BEA00FD6653 /* Build configuration list for PBXNativeTarget "PlaywireObjC" */ = {
			isa = XCConfigurationList;
			buildConfigurations = (
				610E54452E955BEA00FD6653 /* Debug */,
				610E54462E955BEA00FD6653 /* Release */,
			);
			defaultConfigurationIsVisible = 0;
			defaultConfigurationName = Release;
		};
		610E545D2E955C0300FD6653 /* Build configuration list for PBXNativeTarget "PlaywireSwift" */ = {
			isa = XCConfigurationList;
			buildConfigurations = (
				610E545E2E955C0300FD6653 /* Debug */,
				610E545F2E955C0300FD6653 /* Release */,
			);
			defaultConfigurationIsVisible = 0;
			defaultConfigurationName = Release;
		};
		610E548F2E955C2000FD6653 /* Build configuration list for PBXNativeTarget "PlaywireSwiftUI" */ = {
			isa = XCConfigurationList;
			buildConfigurations = (
				610E54902E955C2000FD6653 /* Debug */,
				610E54912E955C2000FD6653 /* Release */,
			);
			defaultConfigurationIsVisible = 0;
			defaultConfigurationName = Release;
		};
/* End XCConfigurationList section */
	};
	rootObject = 212DA4312951EFF400B2FB4A /* Project object */;
}
